// !$*UTF8*$!
{
	archiveVersion = 1;
	classes = {
	};
	objectVersion = 46;
	objects = {

/* Begin PBXBuildFile section */
		4609095A1B903C82006FF85D /* QuartzCore.framework in Frameworks */ = {isa = PBXBuildFile; fileRef = 460909591B903C82006FF85D /* QuartzCore.framework */; };
		4609095C1B903C91006FF85D /* ImageIO.framework in Frameworks */ = {isa = PBXBuildFile; fileRef = 4609095B1B903C91006FF85D /* ImageIO.framework */; };
		4609095E1B903CB2006FF85D /* Security.framework in Frameworks */ = {isa = PBXBuildFile; fileRef = 4609095D1B903CB2006FF85D /* Security.framework */; };
		460909601B903CBC006FF85D /* CoreTelephony.framework in Frameworks */ = {isa = PBXBuildFile; fileRef = 4609095F1B903CBC006FF85D /* CoreTelephony.framework */; };
		460909621B903CCC006FF85D /* CoreText.framework in Frameworks */ = {isa = PBXBuildFile; fileRef = 460909611B903CCC006FF85D /* CoreText.framework */; };
		460909641B904E13006FF85D /* WeiboSDK.bundle in Resources */ = {isa = PBXBuildFile; fileRef = 460909631B904E13006FF85D /* WeiboSDK.bundle */; };
		460909681B92438A006FF85D /* BaseAPIHelper.swift in Sources */ = {isa = PBXBuildFile; fileRef = 460909671B92438A006FF85D /* BaseAPIHelper.swift */; };
		4609096B1B92584B006FF85D /* VendorLoginAPICall.swift in Sources */ = {isa = PBXBuildFile; fileRef = 4609096A1B92584B006FF85D /* VendorLoginAPICall.swift */; };
		462680781B9C1D1F00656F81 /* HZIndicatorView.m in Sources */ = {isa = PBXBuildFile; fileRef = 462680711B9C1D1F00656F81 /* HZIndicatorView.m */; };
		462680791B9C1D1F00656F81 /* HZPhotoBrowser.m in Sources */ = {isa = PBXBuildFile; fileRef = 462680731B9C1D1F00656F81 /* HZPhotoBrowser.m */; };
		4626807A1B9C1D1F00656F81 /* HZPhotoBrowserView.m in Sources */ = {isa = PBXBuildFile; fileRef = 462680761B9C1D1F00656F81 /* HZPhotoBrowserView.m */; };
		4626807B1B9C1D1F00656F81 /* whiteplaceholder.png in Resources */ = {isa = PBXBuildFile; fileRef = 462680771B9C1D1F00656F81 /* whiteplaceholder.png */; };
		462680881B9CDFE400656F81 /* EventDetailViewController.swift in Sources */ = {isa = PBXBuildFile; fileRef = 462680871B9CDFE400656F81 /* EventDetailViewController.swift */; };
		4626808A1B9CEAD200656F81 /* EventInfoViewHelper.swift in Sources */ = {isa = PBXBuildFile; fileRef = 462680891B9CEAD200656F81 /* EventInfoViewHelper.swift */; };
		4626808C1B9D03B200656F81 /* EventDetailViewHelper.swift in Sources */ = {isa = PBXBuildFile; fileRef = 4626808B1B9D03B200656F81 /* EventDetailViewHelper.swift */; };
		4626808E1B9D294A00656F81 /* EventPostCellHelper.swift in Sources */ = {isa = PBXBuildFile; fileRef = 4626808D1B9D294A00656F81 /* EventPostCellHelper.swift */; };
		462680901B9D5CE800656F81 /* Constant.swift in Sources */ = {isa = PBXBuildFile; fileRef = 4626808F1B9D5CE800656F81 /* Constant.swift */; };
		462680C11BA4F02F00656F81 /* PostDetailViewController.swift in Sources */ = {isa = PBXBuildFile; fileRef = 462680C01BA4F02F00656F81 /* PostDetailViewController.swift */; };
		462680C31BA4F03C00656F81 /* PostDetailCellHelper.swift in Sources */ = {isa = PBXBuildFile; fileRef = 462680C21BA4F03C00656F81 /* PostDetailCellHelper.swift */; };
		462680C51BA4F09A00656F81 /* Event.storyboard in Resources */ = {isa = PBXBuildFile; fileRef = 462680C41BA4F09A00656F81 /* Event.storyboard */; };
		462680C71BA4F0C000656F81 /* SampleDataEvent.swift in Sources */ = {isa = PBXBuildFile; fileRef = 462680C61BA4F0C000656F81 /* SampleDataEvent.swift */; };
		462680CC1BA4F1BC00656F81 /* BROptionItem.m in Sources */ = {isa = PBXBuildFile; fileRef = 462680C91BA4F1BC00656F81 /* BROptionItem.m */; };
		462680CD1BA4F1BC00656F81 /* BROptionsButton.m in Sources */ = {isa = PBXBuildFile; fileRef = 462680CB1BA4F1BC00656F81 /* BROptionsButton.m */; };
		462680D11BA4F4F300656F81 /* libiconv.dylib in Frameworks */ = {isa = PBXBuildFile; fileRef = 462680D01BA4F4F300656F81 /* libiconv.dylib */; };
		462680D31BA4F50600656F81 /* libstdc++.dylib in Frameworks */ = {isa = PBXBuildFile; fileRef = 462680D21BA4F50600656F81 /* libstdc++.dylib */; };
		462680DB1BA7C60000656F81 /* CreatePostViewController.swift in Sources */ = {isa = PBXBuildFile; fileRef = 462680DA1BA7C60000656F81 /* CreatePostViewController.swift */; };
		462680DD1BA7C85500656F81 /* CreatePostViewHelper.swift in Sources */ = {isa = PBXBuildFile; fileRef = 462680DC1BA7C85500656F81 /* CreatePostViewHelper.swift */; };
		4631638B1B902B9C00C6A30F /* Podfile in Resources */ = {isa = PBXBuildFile; fileRef = 4631638A1B902B9C00C6A30F /* Podfile */; };
		4651AAAE1B883F02005C2B67 /* UIKit.framework in Frameworks */ = {isa = PBXBuildFile; fileRef = 4651AAAD1B883F02005C2B67 /* UIKit.framework */; };
		4651AAB01B883F12005C2B67 /* Foundation.framework in Frameworks */ = {isa = PBXBuildFile; fileRef = 4651AAAF1B883F12005C2B67 /* Foundation.framework */; };
		4651AAB21B883F1F005C2B67 /* CoreGraphics.framework in Frameworks */ = {isa = PBXBuildFile; fileRef = 4651AAB11B883F1F005C2B67 /* CoreGraphics.framework */; };
		4651AAB61B883FAD005C2B67 /* libWeChatSDK.a in Frameworks */ = {isa = PBXBuildFile; fileRef = 4651AAB31B883FAD005C2B67 /* libWeChatSDK.a */; };
		4651AAB81B88407F005C2B67 /* SystemConfiguration.framework in Frameworks */ = {isa = PBXBuildFile; fileRef = 4651AAB71B88407F005C2B67 /* SystemConfiguration.framework */; };
		4651AABA1B88408F005C2B67 /* libz.dylib in Frameworks */ = {isa = PBXBuildFile; fileRef = 4651AAB91B88408F005C2B67 /* libz.dylib */; };
		4651AABC1B884099005C2B67 /* libsqlite3.0.dylib in Frameworks */ = {isa = PBXBuildFile; fileRef = 4651AABB1B884099005C2B67 /* libsqlite3.0.dylib */; };
		469540051B980A6C00E0F4D0 /* VendorContactViewController.swift in Sources */ = {isa = PBXBuildFile; fileRef = 469540041B980A6C00E0F4D0 /* VendorContactViewController.swift */; };
		469540071B982DC200E0F4D0 /* ContactSearchResultsTableViewController.swift in Sources */ = {isa = PBXBuildFile; fileRef = 469540061B982DC200E0F4D0 /* ContactSearchResultsTableViewController.swift */; };
		4695400D1B993FDC00E0F4D0 /* MyEventsViewController.swift in Sources */ = {isa = PBXBuildFile; fileRef = 4695400C1B993FDC00E0F4D0 /* MyEventsViewController.swift */; };
		4695400F1B994A0100E0F4D0 /* RenderEventCellHelper.swift in Sources */ = {isa = PBXBuildFile; fileRef = 4695400E1B994A0100E0F4D0 /* RenderEventCellHelper.swift */; };
		46A568991B96969500FC63F7 /* ContactViewController.swift in Sources */ = {isa = PBXBuildFile; fileRef = 46A568981B96969500FC63F7 /* ContactViewController.swift */; };
		46A5689B1B969DEC00FC63F7 /* GroupView.xib in Resources */ = {isa = PBXBuildFile; fileRef = 46A5689A1B969DEC00FC63F7 /* GroupView.xib */; };
		46A5689D1B96A10F00FC63F7 /* GroupViewHelper.swift in Sources */ = {isa = PBXBuildFile; fileRef = 46A5689C1B96A10F00FC63F7 /* GroupViewHelper.swift */; };
		46A5689F1B96BADB00FC63F7 /* TableViewHelper.swift in Sources */ = {isa = PBXBuildFile; fileRef = 46A5689E1B96BADB00FC63F7 /* TableViewHelper.swift */; };
		46A568A61B96DD8900FC63F7 /* AddContactTableViewController.swift in Sources */ = {isa = PBXBuildFile; fileRef = 46A568A51B96DD8900FC63F7 /* AddContactTableViewController.swift */; };
		46A79CB41B8823AB00B60B43 /* AppDelegate.swift in Sources */ = {isa = PBXBuildFile; fileRef = 46A79CB31B8823AB00B60B43 /* AppDelegate.swift */; };
		46A79CBB1B8823AB00B60B43 /* Main.storyboard in Resources */ = {isa = PBXBuildFile; fileRef = 46A79CB91B8823AB00B60B43 /* Main.storyboard */; };
		46A79CBD1B8823AB00B60B43 /* Images.xcassets in Resources */ = {isa = PBXBuildFile; fileRef = 46A79CBC1B8823AB00B60B43 /* Images.xcassets */; };
		46A79CC01B8823AB00B60B43 /* LaunchScreen.xib in Resources */ = {isa = PBXBuildFile; fileRef = 46A79CBE1B8823AB00B60B43 /* LaunchScreen.xib */; };
		46A79CCC1B8823AB00B60B43 /* pigeonTests.swift in Sources */ = {isa = PBXBuildFile; fileRef = 46A79CCB1B8823AB00B60B43 /* pigeonTests.swift */; };
		46A79CE21B88283000B60B43 /* AuthLoginViewController.swift in Sources */ = {isa = PBXBuildFile; fileRef = 46A79CE01B88283000B60B43 /* AuthLoginViewController.swift */; };
		46A79CE71B88297A00B60B43 /* Auth.storyboard in Resources */ = {isa = PBXBuildFile; fileRef = 46A79CE61B88297A00B60B43 /* Auth.storyboard */; };
		46A79CF21B88399700B60B43 /* libc++.dylib in Frameworks */ = {isa = PBXBuildFile; fileRef = 46A79CF11B88399700B60B43 /* libc++.dylib */; };
		46BB01741B9276030026CB6E /* MainTabBarViewController.swift in Sources */ = {isa = PBXBuildFile; fileRef = 46BB01731B9276030026CB6E /* MainTabBarViewController.swift */; };
		46BB01831B92929A0026CB6E /* EventNavigationController.swift in Sources */ = {isa = PBXBuildFile; fileRef = 46BB01821B92929A0026CB6E /* EventNavigationController.swift */; };
		46BB01881B929B9A0026CB6E /* Contact.storyboard in Resources */ = {isa = PBXBuildFile; fileRef = 46BB01871B929B9A0026CB6E /* Contact.storyboard */; };
		46BB018A1B929D2E0026CB6E /* ContactNavigationController.swift in Sources */ = {isa = PBXBuildFile; fileRef = 46BB01891B929D2E0026CB6E /* ContactNavigationController.swift */; };
		46BB018F1B92A04D0026CB6E /* History.storyboard in Resources */ = {isa = PBXBuildFile; fileRef = 46BB018E1B92A04D0026CB6E /* History.storyboard */; };
		46BB01911B92A09E0026CB6E /* HistoryNavigationController.swift in Sources */ = {isa = PBXBuildFile; fileRef = 46BB01901B92A09E0026CB6E /* HistoryNavigationController.swift */; };
		46BB01961B92A2500026CB6E /* Me.storyboard in Resources */ = {isa = PBXBuildFile; fileRef = 46BB01951B92A2500026CB6E /* Me.storyboard */; };
		46BB01981B92A2930026CB6E /* MeNavigationController.swift in Sources */ = {isa = PBXBuildFile; fileRef = 46BB01971B92A2930026CB6E /* MeNavigationController.swift */; };
		46BB019C1B92BD340026CB6E /* CreateTaskViewController.swift in Sources */ = {isa = PBXBuildFile; fileRef = 46BB019B1B92BD340026CB6E /* CreateTaskViewController.swift */; };
		46BB01A11B92D1D00026CB6E /* LocationTimeEditViewHelper.swift in Sources */ = {isa = PBXBuildFile; fileRef = 46BB01A01B92D1D00026CB6E /* LocationTimeEditViewHelper.swift */; };
		46BB01A61B9397D30026CB6E /* EditLocationViewController.swift in Sources */ = {isa = PBXBuildFile; fileRef = 46BB01A51B9397D30026CB6E /* EditLocationViewController.swift */; };
		46BB01A81B939C080026CB6E /* MapKit.framework in Frameworks */ = {isa = PBXBuildFile; fileRef = 46BB01A71B939C080026CB6E /* MapKit.framework */; };
		46BB01AA1B939C170026CB6E /* CoreLocation.framework in Frameworks */ = {isa = PBXBuildFile; fileRef = 46BB01A91B939C170026CB6E /* CoreLocation.framework */; };
		46BB01AC1B93FE500026CB6E /* AddMembersViewHelper.swift in Sources */ = {isa = PBXBuildFile; fileRef = 46BB01AB1B93FE500026CB6E /* AddMembersViewHelper.swift */; };
		EC03105B27AE9B30D09FAEFF /* Pods.framework in Frameworks */ = {isa = PBXBuildFile; fileRef = B6B7EB05FDC0CC77A857B349 /* Pods.framework */; settings = {ATTRIBUTES = (Weak, ); }; };
/* End PBXBuildFile section */

/* Begin PBXContainerItemProxy section */
		46A79CC61B8823AB00B60B43 /* PBXContainerItemProxy */ = {
			isa = PBXContainerItemProxy;
			containerPortal = 46A79CA61B8823AB00B60B43 /* Project object */;
			proxyType = 1;
			remoteGlobalIDString = 46A79CAD1B8823AB00B60B43;
			remoteInfo = pigeon;
		};
/* End PBXContainerItemProxy section */

/* Begin PBXFileReference section */
		460909591B903C82006FF85D /* QuartzCore.framework */ = {isa = PBXFileReference; lastKnownFileType = wrapper.framework; name = QuartzCore.framework; path = System/Library/Frameworks/QuartzCore.framework; sourceTree = SDKROOT; };
		4609095B1B903C91006FF85D /* ImageIO.framework */ = {isa = PBXFileReference; lastKnownFileType = wrapper.framework; name = ImageIO.framework; path = System/Library/Frameworks/ImageIO.framework; sourceTree = SDKROOT; };
		4609095D1B903CB2006FF85D /* Security.framework */ = {isa = PBXFileReference; lastKnownFileType = wrapper.framework; name = Security.framework; path = System/Library/Frameworks/Security.framework; sourceTree = SDKROOT; };
		4609095F1B903CBC006FF85D /* CoreTelephony.framework */ = {isa = PBXFileReference; lastKnownFileType = wrapper.framework; name = CoreTelephony.framework; path = System/Library/Frameworks/CoreTelephony.framework; sourceTree = SDKROOT; };
		460909611B903CCC006FF85D /* CoreText.framework */ = {isa = PBXFileReference; lastKnownFileType = wrapper.framework; name = CoreText.framework; path = System/Library/Frameworks/CoreText.framework; sourceTree = SDKROOT; };
		460909631B904E13006FF85D /* WeiboSDK.bundle */ = {isa = PBXFileReference; lastKnownFileType = "wrapper.plug-in"; name = WeiboSDK.bundle; path = ../Pods/WeiboSDK/libWeiboSDK/WeiboSDK.bundle; sourceTree = "<group>"; };
		460909651B9242A6006FF85D /* Config.xcconfig */ = {isa = PBXFileReference; lastKnownFileType = text.xcconfig; name = Config.xcconfig; path = ../Config.xcconfig; sourceTree = "<group>"; };
		460909671B92438A006FF85D /* BaseAPIHelper.swift */ = {isa = PBXFileReference; fileEncoding = 4; lastKnownFileType = sourcecode.swift; path = BaseAPIHelper.swift; sourceTree = "<group>"; };
		4609096A1B92584B006FF85D /* VendorLoginAPICall.swift */ = {isa = PBXFileReference; fileEncoding = 4; lastKnownFileType = sourcecode.swift; path = VendorLoginAPICall.swift; sourceTree = "<group>"; };
		462680701B9C1D1F00656F81 /* HZIndicatorView.h */ = {isa = PBXFileReference; fileEncoding = 4; lastKnownFileType = sourcecode.c.h; path = HZIndicatorView.h; sourceTree = "<group>"; };
		462680711B9C1D1F00656F81 /* HZIndicatorView.m */ = {isa = PBXFileReference; fileEncoding = 4; lastKnownFileType = sourcecode.c.objc; path = HZIndicatorView.m; sourceTree = "<group>"; };
		462680721B9C1D1F00656F81 /* HZPhotoBrowser.h */ = {isa = PBXFileReference; fileEncoding = 4; lastKnownFileType = sourcecode.c.h; path = HZPhotoBrowser.h; sourceTree = "<group>"; };
		462680731B9C1D1F00656F81 /* HZPhotoBrowser.m */ = {isa = PBXFileReference; fileEncoding = 4; lastKnownFileType = sourcecode.c.objc; path = HZPhotoBrowser.m; sourceTree = "<group>"; };
		462680741B9C1D1F00656F81 /* HZPhotoBrowserConfig.h */ = {isa = PBXFileReference; fileEncoding = 4; lastKnownFileType = sourcecode.c.h; path = HZPhotoBrowserConfig.h; sourceTree = "<group>"; };
		462680751B9C1D1F00656F81 /* HZPhotoBrowserView.h */ = {isa = PBXFileReference; fileEncoding = 4; lastKnownFileType = sourcecode.c.h; path = HZPhotoBrowserView.h; sourceTree = "<group>"; };
		462680761B9C1D1F00656F81 /* HZPhotoBrowserView.m */ = {isa = PBXFileReference; fileEncoding = 4; lastKnownFileType = sourcecode.c.objc; path = HZPhotoBrowserView.m; sourceTree = "<group>"; };
		462680771B9C1D1F00656F81 /* whiteplaceholder.png */ = {isa = PBXFileReference; lastKnownFileType = image.png; path = whiteplaceholder.png; sourceTree = "<group>"; };
		462680871B9CDFE400656F81 /* EventDetailViewController.swift */ = {isa = PBXFileReference; fileEncoding = 4; lastKnownFileType = sourcecode.swift; path = EventDetailViewController.swift; sourceTree = "<group>"; };
		462680891B9CEAD200656F81 /* EventInfoViewHelper.swift */ = {isa = PBXFileReference; fileEncoding = 4; lastKnownFileType = sourcecode.swift; path = EventInfoViewHelper.swift; sourceTree = "<group>"; };
		4626808B1B9D03B200656F81 /* EventDetailViewHelper.swift */ = {isa = PBXFileReference; fileEncoding = 4; lastKnownFileType = sourcecode.swift; path = EventDetailViewHelper.swift; sourceTree = "<group>"; };
		4626808D1B9D294A00656F81 /* EventPostCellHelper.swift */ = {isa = PBXFileReference; fileEncoding = 4; lastKnownFileType = sourcecode.swift; path = EventPostCellHelper.swift; sourceTree = "<group>"; };
		4626808F1B9D5CE800656F81 /* Constant.swift */ = {isa = PBXFileReference; fileEncoding = 4; lastKnownFileType = sourcecode.swift; path = Constant.swift; sourceTree = "<group>"; };
		462680C01BA4F02F00656F81 /* PostDetailViewController.swift */ = {isa = PBXFileReference; fileEncoding = 4; lastKnownFileType = sourcecode.swift; path = PostDetailViewController.swift; sourceTree = "<group>"; };
		462680C21BA4F03C00656F81 /* PostDetailCellHelper.swift */ = {isa = PBXFileReference; fileEncoding = 4; lastKnownFileType = sourcecode.swift; path = PostDetailCellHelper.swift; sourceTree = "<group>"; };
		462680C41BA4F09A00656F81 /* Event.storyboard */ = {isa = PBXFileReference; fileEncoding = 4; lastKnownFileType = file.storyboard; path = Event.storyboard; sourceTree = "<group>"; };
		462680C61BA4F0C000656F81 /* SampleDataEvent.swift */ = {isa = PBXFileReference; fileEncoding = 4; lastKnownFileType = sourcecode.swift; path = SampleDataEvent.swift; sourceTree = "<group>"; };
		462680C81BA4F1BC00656F81 /* BROptionItem.h */ = {isa = PBXFileReference; fileEncoding = 4; lastKnownFileType = sourcecode.c.h; path = BROptionItem.h; sourceTree = "<group>"; };
		462680C91BA4F1BC00656F81 /* BROptionItem.m */ = {isa = PBXFileReference; fileEncoding = 4; lastKnownFileType = sourcecode.c.objc; path = BROptionItem.m; sourceTree = "<group>"; };
		462680CA1BA4F1BC00656F81 /* BROptionsButton.h */ = {isa = PBXFileReference; fileEncoding = 4; lastKnownFileType = sourcecode.c.h; path = BROptionsButton.h; sourceTree = "<group>"; };
		462680CB1BA4F1BC00656F81 /* BROptionsButton.m */ = {isa = PBXFileReference; fileEncoding = 4; lastKnownFileType = sourcecode.c.objc; path = BROptionsButton.m; sourceTree = "<group>"; };
		462680D01BA4F4F300656F81 /* libiconv.dylib */ = {isa = PBXFileReference; lastKnownFileType = "compiled.mach-o.dylib"; name = libiconv.dylib; path = usr/lib/libiconv.dylib; sourceTree = SDKROOT; };
		462680D21BA4F50600656F81 /* libstdc++.dylib */ = {isa = PBXFileReference; lastKnownFileType = "compiled.mach-o.dylib"; name = "libstdc++.dylib"; path = "usr/lib/libstdc++.dylib"; sourceTree = SDKROOT; };
		462680DA1BA7C60000656F81 /* CreatePostViewController.swift */ = {isa = PBXFileReference; fileEncoding = 4; lastKnownFileType = sourcecode.swift; path = CreatePostViewController.swift; sourceTree = "<group>"; };
		462680DC1BA7C85500656F81 /* CreatePostViewHelper.swift */ = {isa = PBXFileReference; fileEncoding = 4; lastKnownFileType = sourcecode.swift; path = CreatePostViewHelper.swift; sourceTree = "<group>"; };
		4631638A1B902B9C00C6A30F /* Podfile */ = {isa = PBXFileReference; fileEncoding = 4; lastKnownFileType = text; path = Podfile; sourceTree = "<group>"; xcLanguageSpecificationIdentifier = xcode.lang.ruby; };
		4651AAAD1B883F02005C2B67 /* UIKit.framework */ = {isa = PBXFileReference; lastKnownFileType = wrapper.framework; name = UIKit.framework; path = System/Library/Frameworks/UIKit.framework; sourceTree = SDKROOT; };
		4651AAAF1B883F12005C2B67 /* Foundation.framework */ = {isa = PBXFileReference; lastKnownFileType = wrapper.framework; name = Foundation.framework; path = System/Library/Frameworks/Foundation.framework; sourceTree = SDKROOT; };
		4651AAB11B883F1F005C2B67 /* CoreGraphics.framework */ = {isa = PBXFileReference; lastKnownFileType = wrapper.framework; name = CoreGraphics.framework; path = System/Library/Frameworks/CoreGraphics.framework; sourceTree = SDKROOT; };
		4651AAB31B883FAD005C2B67 /* libWeChatSDK.a */ = {isa = PBXFileReference; lastKnownFileType = archive.ar; path = libWeChatSDK.a; sourceTree = "<group>"; };
		4651AAB41B883FAD005C2B67 /* WXApi.h */ = {isa = PBXFileReference; fileEncoding = 4; lastKnownFileType = sourcecode.c.h; path = WXApi.h; sourceTree = "<group>"; };
		4651AAB51B883FAD005C2B67 /* WXApiObject.h */ = {isa = PBXFileReference; fileEncoding = 4; lastKnownFileType = sourcecode.c.h; path = WXApiObject.h; sourceTree = "<group>"; };
		4651AAB71B88407F005C2B67 /* SystemConfiguration.framework */ = {isa = PBXFileReference; lastKnownFileType = wrapper.framework; name = SystemConfiguration.framework; path = System/Library/Frameworks/SystemConfiguration.framework; sourceTree = SDKROOT; };
		4651AAB91B88408F005C2B67 /* libz.dylib */ = {isa = PBXFileReference; lastKnownFileType = "compiled.mach-o.dylib"; name = libz.dylib; path = usr/lib/libz.dylib; sourceTree = SDKROOT; };
		4651AABB1B884099005C2B67 /* libsqlite3.0.dylib */ = {isa = PBXFileReference; lastKnownFileType = "compiled.mach-o.dylib"; name = libsqlite3.0.dylib; path = usr/lib/libsqlite3.0.dylib; sourceTree = SDKROOT; };
		469540041B980A6C00E0F4D0 /* VendorContactViewController.swift */ = {isa = PBXFileReference; fileEncoding = 4; lastKnownFileType = sourcecode.swift; path = VendorContactViewController.swift; sourceTree = "<group>"; };
		469540061B982DC200E0F4D0 /* ContactSearchResultsTableViewController.swift */ = {isa = PBXFileReference; fileEncoding = 4; lastKnownFileType = sourcecode.swift; path = ContactSearchResultsTableViewController.swift; sourceTree = "<group>"; };
		4695400C1B993FDC00E0F4D0 /* MyEventsViewController.swift */ = {isa = PBXFileReference; fileEncoding = 4; lastKnownFileType = sourcecode.swift; path = MyEventsViewController.swift; sourceTree = "<group>"; };
		4695400E1B994A0100E0F4D0 /* RenderEventCellHelper.swift */ = {isa = PBXFileReference; fileEncoding = 4; lastKnownFileType = sourcecode.swift; path = RenderEventCellHelper.swift; sourceTree = "<group>"; };
		46A568981B96969500FC63F7 /* ContactViewController.swift */ = {isa = PBXFileReference; fileEncoding = 4; lastKnownFileType = sourcecode.swift; path = ContactViewController.swift; sourceTree = "<group>"; };
		46A5689A1B969DEC00FC63F7 /* GroupView.xib */ = {isa = PBXFileReference; fileEncoding = 4; lastKnownFileType = file.xib; path = GroupView.xib; sourceTree = "<group>"; };
		46A5689C1B96A10F00FC63F7 /* GroupViewHelper.swift */ = {isa = PBXFileReference; fileEncoding = 4; lastKnownFileType = sourcecode.swift; path = GroupViewHelper.swift; sourceTree = "<group>"; };
		46A5689E1B96BADB00FC63F7 /* TableViewHelper.swift */ = {isa = PBXFileReference; fileEncoding = 4; lastKnownFileType = sourcecode.swift; path = TableViewHelper.swift; sourceTree = "<group>"; };
		46A568A51B96DD8900FC63F7 /* AddContactTableViewController.swift */ = {isa = PBXFileReference; fileEncoding = 4; lastKnownFileType = sourcecode.swift; path = AddContactTableViewController.swift; sourceTree = "<group>"; };
		46A79CAE1B8823AB00B60B43 /* pigeon.app */ = {isa = PBXFileReference; explicitFileType = wrapper.application; includeInIndex = 0; path = pigeon.app; sourceTree = BUILT_PRODUCTS_DIR; };
		46A79CB21B8823AB00B60B43 /* Info.plist */ = {isa = PBXFileReference; lastKnownFileType = text.plist.xml; path = Info.plist; sourceTree = "<group>"; };
		46A79CB31B8823AB00B60B43 /* AppDelegate.swift */ = {isa = PBXFileReference; lastKnownFileType = sourcecode.swift; path = AppDelegate.swift; sourceTree = "<group>"; };
		46A79CBA1B8823AB00B60B43 /* Base */ = {isa = PBXFileReference; lastKnownFileType = file.storyboard; name = Base; path = Base.lproj/Main.storyboard; sourceTree = "<group>"; };
		46A79CBC1B8823AB00B60B43 /* Images.xcassets */ = {isa = PBXFileReference; lastKnownFileType = folder.assetcatalog; path = Images.xcassets; sourceTree = "<group>"; };
		46A79CBF1B8823AB00B60B43 /* Base */ = {isa = PBXFileReference; lastKnownFileType = file.xib; name = Base; path = Base.lproj/LaunchScreen.xib; sourceTree = "<group>"; };
		46A79CC51B8823AB00B60B43 /* pigeonTests.xctest */ = {isa = PBXFileReference; explicitFileType = wrapper.cfbundle; includeInIndex = 0; path = pigeonTests.xctest; sourceTree = BUILT_PRODUCTS_DIR; };
		46A79CCA1B8823AB00B60B43 /* Info.plist */ = {isa = PBXFileReference; lastKnownFileType = text.plist.xml; path = Info.plist; sourceTree = "<group>"; };
		46A79CCB1B8823AB00B60B43 /* pigeonTests.swift */ = {isa = PBXFileReference; lastKnownFileType = sourcecode.swift; path = pigeonTests.swift; sourceTree = "<group>"; };
		46A79CE01B88283000B60B43 /* AuthLoginViewController.swift */ = {isa = PBXFileReference; fileEncoding = 4; lastKnownFileType = sourcecode.swift; path = AuthLoginViewController.swift; sourceTree = "<group>"; };
		46A79CE61B88297A00B60B43 /* Auth.storyboard */ = {isa = PBXFileReference; fileEncoding = 4; lastKnownFileType = file.storyboard; path = Auth.storyboard; sourceTree = "<group>"; };
		46A79CE81B88308000B60B43 /* pigeon-Bridging-Header.h */ = {isa = PBXFileReference; lastKnownFileType = sourcecode.c.h; path = "pigeon-Bridging-Header.h"; sourceTree = "<group>"; };
		46A79CF11B88399700B60B43 /* libc++.dylib */ = {isa = PBXFileReference; lastKnownFileType = "compiled.mach-o.dylib"; name = "libc++.dylib"; path = "usr/lib/libc++.dylib"; sourceTree = SDKROOT; };
		46BB01731B9276030026CB6E /* MainTabBarViewController.swift */ = {isa = PBXFileReference; fileEncoding = 4; lastKnownFileType = sourcecode.swift; path = MainTabBarViewController.swift; sourceTree = "<group>"; };
		46BB01821B92929A0026CB6E /* EventNavigationController.swift */ = {isa = PBXFileReference; fileEncoding = 4; lastKnownFileType = sourcecode.swift; path = EventNavigationController.swift; sourceTree = "<group>"; };
		46BB01871B929B9A0026CB6E /* Contact.storyboard */ = {isa = PBXFileReference; fileEncoding = 4; lastKnownFileType = file.storyboard; path = Contact.storyboard; sourceTree = "<group>"; };
		46BB01891B929D2E0026CB6E /* ContactNavigationController.swift */ = {isa = PBXFileReference; fileEncoding = 4; lastKnownFileType = sourcecode.swift; path = ContactNavigationController.swift; sourceTree = "<group>"; };
		46BB018E1B92A04D0026CB6E /* History.storyboard */ = {isa = PBXFileReference; fileEncoding = 4; lastKnownFileType = file.storyboard; path = History.storyboard; sourceTree = "<group>"; };
		46BB01901B92A09E0026CB6E /* HistoryNavigationController.swift */ = {isa = PBXFileReference; fileEncoding = 4; lastKnownFileType = sourcecode.swift; path = HistoryNavigationController.swift; sourceTree = "<group>"; };
		46BB01951B92A2500026CB6E /* Me.storyboard */ = {isa = PBXFileReference; fileEncoding = 4; lastKnownFileType = file.storyboard; path = Me.storyboard; sourceTree = "<group>"; };
		46BB01971B92A2930026CB6E /* MeNavigationController.swift */ = {isa = PBXFileReference; fileEncoding = 4; lastKnownFileType = sourcecode.swift; path = MeNavigationController.swift; sourceTree = "<group>"; };
		46BB019B1B92BD340026CB6E /* CreateTaskViewController.swift */ = {isa = PBXFileReference; fileEncoding = 4; lastKnownFileType = sourcecode.swift; path = CreateTaskViewController.swift; sourceTree = "<group>"; };
		46BB01A01B92D1D00026CB6E /* LocationTimeEditViewHelper.swift */ = {isa = PBXFileReference; fileEncoding = 4; lastKnownFileType = sourcecode.swift; path = LocationTimeEditViewHelper.swift; sourceTree = "<group>"; };
		46BB01A51B9397D30026CB6E /* EditLocationViewController.swift */ = {isa = PBXFileReference; fileEncoding = 4; lastKnownFileType = sourcecode.swift; path = EditLocationViewController.swift; sourceTree = "<group>"; };
		46BB01A71B939C080026CB6E /* MapKit.framework */ = {isa = PBXFileReference; lastKnownFileType = wrapper.framework; name = MapKit.framework; path = System/Library/Frameworks/MapKit.framework; sourceTree = SDKROOT; };
		46BB01A91B939C170026CB6E /* CoreLocation.framework */ = {isa = PBXFileReference; lastKnownFileType = wrapper.framework; name = CoreLocation.framework; path = System/Library/Frameworks/CoreLocation.framework; sourceTree = SDKROOT; };
		46BB01AB1B93FE500026CB6E /* AddMembersViewHelper.swift */ = {isa = PBXFileReference; fileEncoding = 4; lastKnownFileType = sourcecode.swift; path = AddMembersViewHelper.swift; sourceTree = "<group>"; };
		B6B7EB05FDC0CC77A857B349 /* Pods.framework */ = {isa = PBXFileReference; explicitFileType = wrapper.framework; includeInIndex = 0; path = Pods.framework; sourceTree = BUILT_PRODUCTS_DIR; };
		C43AF1B09D0587414C965081 /* Pods.release.xcconfig */ = {isa = PBXFileReference; includeInIndex = 1; lastKnownFileType = text.xcconfig; name = Pods.release.xcconfig; path = "Pods/Target Support Files/Pods/Pods.release.xcconfig"; sourceTree = "<group>"; };
		F30ACB44CA899943E7CCAAC9 /* Pods.debug.xcconfig */ = {isa = PBXFileReference; includeInIndex = 1; lastKnownFileType = text.xcconfig; name = Pods.debug.xcconfig; path = "Pods/Target Support Files/Pods/Pods.debug.xcconfig"; sourceTree = "<group>"; };
/* End PBXFileReference section */

/* Begin PBXFrameworksBuildPhase section */
		46A79CAB1B8823AB00B60B43 /* Frameworks */ = {
			isa = PBXFrameworksBuildPhase;
			buildActionMask = 2147483647;
			files = (
				4651AABA1B88408F005C2B67 /* libz.dylib in Frameworks */,
				462680D31BA4F50600656F81 /* libstdc++.dylib in Frameworks */,
				462680D11BA4F4F300656F81 /* libiconv.dylib in Frameworks */,
				46BB01AA1B939C170026CB6E /* CoreLocation.framework in Frameworks */,
				46BB01A81B939C080026CB6E /* MapKit.framework in Frameworks */,
				4651AAAE1B883F02005C2B67 /* UIKit.framework in Frameworks */,
				460909621B903CCC006FF85D /* CoreText.framework in Frameworks */,
				460909601B903CBC006FF85D /* CoreTelephony.framework in Frameworks */,
				4609095E1B903CB2006FF85D /* Security.framework in Frameworks */,
				4651AAB81B88407F005C2B67 /* SystemConfiguration.framework in Frameworks */,
				4609095C1B903C91006FF85D /* ImageIO.framework in Frameworks */,
				4609095A1B903C82006FF85D /* QuartzCore.framework in Frameworks */,
				4651AABC1B884099005C2B67 /* libsqlite3.0.dylib in Frameworks */,
				4651AAB21B883F1F005C2B67 /* CoreGraphics.framework in Frameworks */,
				4651AAB01B883F12005C2B67 /* Foundation.framework in Frameworks */,
				46A79CF21B88399700B60B43 /* libc++.dylib in Frameworks */,
				4651AAB61B883FAD005C2B67 /* libWeChatSDK.a in Frameworks */,
				EC03105B27AE9B30D09FAEFF /* Pods.framework in Frameworks */,
			);
			runOnlyForDeploymentPostprocessing = 0;
		};
		46A79CC21B8823AB00B60B43 /* Frameworks */ = {
			isa = PBXFrameworksBuildPhase;
			buildActionMask = 2147483647;
			files = (
			);
			runOnlyForDeploymentPostprocessing = 0;
		};
/* End PBXFrameworksBuildPhase section */

/* Begin PBXGroup section */
		09D3832932BFD6B955F5FDED /* Pods */ = {
			isa = PBXGroup;
			children = (
				F30ACB44CA899943E7CCAAC9 /* Pods.debug.xcconfig */,
				C43AF1B09D0587414C965081 /* Pods.release.xcconfig */,
			);
			name = Pods;
			sourceTree = "<group>";
		};
		460909661B924339006FF85D /* API */ = {
			isa = PBXGroup;
			children = (
				460909671B92438A006FF85D /* BaseAPIHelper.swift */,
				4609096A1B92584B006FF85D /* VendorLoginAPICall.swift */,
			);
			name = API;
			sourceTree = "<group>";
		};
		462680601B9C1B2A00656F81 /* HZImagesGroupView */ = {
			isa = PBXGroup;
			children = (
				462680701B9C1D1F00656F81 /* HZIndicatorView.h */,
				462680711B9C1D1F00656F81 /* HZIndicatorView.m */,
				462680721B9C1D1F00656F81 /* HZPhotoBrowser.h */,
				462680731B9C1D1F00656F81 /* HZPhotoBrowser.m */,
				462680741B9C1D1F00656F81 /* HZPhotoBrowserConfig.h */,
				462680751B9C1D1F00656F81 /* HZPhotoBrowserView.h */,
				462680761B9C1D1F00656F81 /* HZPhotoBrowserView.m */,
				462680771B9C1D1F00656F81 /* whiteplaceholder.png */,
			);
			name = HZImagesGroupView;
			sourceTree = "<group>";
		};
		469540081B99399600E0F4D0 /* Model */ = {
			isa = PBXGroup;
			children = (
			);
			name = Model;
			sourceTree = "<group>";
		};
		469540091B9939AB00E0F4D0 /* Model */ = {
			isa = PBXGroup;
			children = (
			);
			name = Model;
			sourceTree = "<group>";
		};
		46A79CA51B8823AB00B60B43 = {
			isa = PBXGroup;
			children = (
				46A79CB01B8823AB00B60B43 /* pigeon */,
				46A79CC81B8823AB00B60B43 /* pigeonTests */,
				46A79CAF1B8823AB00B60B43 /* Products */,
				4631638A1B902B9C00C6A30F /* Podfile */,
				09D3832932BFD6B955F5FDED /* Pods */,
				9EBB59CC81AD2F52571769D8 /* Frameworks */,
			);
			sourceTree = "<group>";
		};
		46A79CAF1B8823AB00B60B43 /* Products */ = {
			isa = PBXGroup;
			children = (
				46A79CAE1B8823AB00B60B43 /* pigeon.app */,
				46A79CC51B8823AB00B60B43 /* pigeonTests.xctest */,
			);
			name = Products;
			sourceTree = "<group>";
		};
		46A79CB01B8823AB00B60B43 /* pigeon */ = {
			isa = PBXGroup;
			children = (
				4626808F1B9D5CE800656F81 /* Constant.swift */,
				46A79CB31B8823AB00B60B43 /* AppDelegate.swift */,
				46A79CB91B8823AB00B60B43 /* Main.storyboard */,
				46BB01731B9276030026CB6E /* MainTabBarViewController.swift */,
				46BB01921B92A2180026CB6E /* Me */,
				46BB018B1B929FC00026CB6E /* History */,
				46BB01841B929B320026CB6E /* Contact */,
				46BB016E1B9275030026CB6E /* Event */,
				46A79CE41B8828AD00B60B43 /* Vendor */,
				46A79CD51B88248100B60B43 /* Auth */,
				46A79CBC1B8823AB00B60B43 /* Images.xcassets */,
				46A79CBE1B8823AB00B60B43 /* LaunchScreen.xib */,
				46A79CB11B8823AB00B60B43 /* Supporting Files */,
			);
			path = pigeon;
			sourceTree = "<group>";
		};
		46A79CB11B8823AB00B60B43 /* Supporting Files */ = {
			isa = PBXGroup;
			children = (
				460909651B9242A6006FF85D /* Config.xcconfig */,
				46A79CB21B8823AB00B60B43 /* Info.plist */,
				46A79CE81B88308000B60B43 /* pigeon-Bridging-Header.h */,
			);
			name = "Supporting Files";
			sourceTree = "<group>";
		};
		46A79CC81B8823AB00B60B43 /* pigeonTests */ = {
			isa = PBXGroup;
			children = (
				46A79CCB1B8823AB00B60B43 /* pigeonTests.swift */,
				46A79CC91B8823AB00B60B43 /* Supporting Files */,
			);
			path = pigeonTests;
			sourceTree = "<group>";
		};
		46A79CC91B8823AB00B60B43 /* Supporting Files */ = {
			isa = PBXGroup;
			children = (
				46A79CCA1B8823AB00B60B43 /* Info.plist */,
			);
			name = "Supporting Files";
			sourceTree = "<group>";
		};
		46A79CD51B88248100B60B43 /* Auth */ = {
			isa = PBXGroup;
			children = (
				460909661B924339006FF85D /* API */,
				46A79CD91B8826A100B60B43 /* Other */,
				46A79CD81B88268D00B60B43 /* Controller */,
				46A79CD71B88266800B60B43 /* Model */,
				46A79CD61B88264400B60B43 /* View */,
			);
			name = Auth;
			sourceTree = "<group>";
		};
		46A79CD61B88264400B60B43 /* View */ = {
			isa = PBXGroup;
			children = (
				46A79CE61B88297A00B60B43 /* Auth.storyboard */,
			);
			name = View;
			sourceTree = "<group>";
		};
		46A79CD71B88266800B60B43 /* Model */ = {
			isa = PBXGroup;
			children = (
			);
			name = Model;
			sourceTree = "<group>";
		};
		46A79CD81B88268D00B60B43 /* Controller */ = {
			isa = PBXGroup;
			children = (
				46A79CE01B88283000B60B43 /* AuthLoginViewController.swift */,
			);
			name = Controller;
			sourceTree = "<group>";
		};
		46A79CD91B8826A100B60B43 /* Other */ = {
			isa = PBXGroup;
			children = (
			);
			name = Other;
			sourceTree = "<group>";
		};
		46A79CE41B8828AD00B60B43 /* Vendor */ = {
			isa = PBXGroup;
			children = (
				462680601B9C1B2A00656F81 /* HZImagesGroupView */,
				460909631B904E13006FF85D /* WeiboSDK.bundle */,
				46BB01771B928DB60026CB6E /* BROptionsButton */,
				46A79CE51B8828C500B60B43 /* WX */,
			);
			name = Vendor;
			sourceTree = "<group>";
		};
		46A79CE51B8828C500B60B43 /* WX */ = {
			isa = PBXGroup;
			children = (
				4651AAB31B883FAD005C2B67 /* libWeChatSDK.a */,
				4651AAB41B883FAD005C2B67 /* WXApi.h */,
				4651AAB51B883FAD005C2B67 /* WXApiObject.h */,
			);
			name = WX;
			sourceTree = "<group>";
		};
		46BB016E1B9275030026CB6E /* Event */ = {
			isa = PBXGroup;
			children = (
				469540091B9939AB00E0F4D0 /* Model */,
				46BB01721B9275460026CB6E /* Other */,
				46BB01711B92753F0026CB6E /* API */,
				46BB01701B9275270026CB6E /* Controller */,
				46BB016F1B92751C0026CB6E /* View */,
			);
			name = Event;
			sourceTree = "<group>";
		};
		46BB016F1B92751C0026CB6E /* View */ = {
			isa = PBXGroup;
			children = (
				462680C41BA4F09A00656F81 /* Event.storyboard */,
				46BB01AB1B93FE500026CB6E /* AddMembersViewHelper.swift */,
				4695400E1B994A0100E0F4D0 /* RenderEventCellHelper.swift */,
				462680891B9CEAD200656F81 /* EventInfoViewHelper.swift */,
				4626808B1B9D03B200656F81 /* EventDetailViewHelper.swift */,
				4626808D1B9D294A00656F81 /* EventPostCellHelper.swift */,
				462680C21BA4F03C00656F81 /* PostDetailCellHelper.swift */,
				462680DC1BA7C85500656F81 /* CreatePostViewHelper.swift */,
			);
			name = View;
			sourceTree = "<group>";
		};
		46BB01701B9275270026CB6E /* Controller */ = {
			isa = PBXGroup;
			children = (
				46BB01A01B92D1D00026CB6E /* LocationTimeEditViewHelper.swift */,
				46BB01821B92929A0026CB6E /* EventNavigationController.swift */,
				46BB019B1B92BD340026CB6E /* CreateTaskViewController.swift */,
				46BB01A51B9397D30026CB6E /* EditLocationViewController.swift */,
				4695400C1B993FDC00E0F4D0 /* MyEventsViewController.swift */,
				462680871B9CDFE400656F81 /* EventDetailViewController.swift */,
				462680C01BA4F02F00656F81 /* PostDetailViewController.swift */,
				462680DA1BA7C60000656F81 /* CreatePostViewController.swift */,
			);
			name = Controller;
			sourceTree = "<group>";
		};
		46BB01711B92753F0026CB6E /* API */ = {
			isa = PBXGroup;
			children = (
			);
			name = API;
			sourceTree = "<group>";
		};
		46BB01721B9275460026CB6E /* Other */ = {
			isa = PBXGroup;
			children = (
				462680C61BA4F0C000656F81 /* SampleDataEvent.swift */,
			);
			name = Other;
			sourceTree = "<group>";
		};
		46BB01771B928DB60026CB6E /* BROptionsButton */ = {
			isa = PBXGroup;
			children = (
				462680C81BA4F1BC00656F81 /* BROptionItem.h */,
				462680C91BA4F1BC00656F81 /* BROptionItem.m */,
				462680CA1BA4F1BC00656F81 /* BROptionsButton.h */,
				462680CB1BA4F1BC00656F81 /* BROptionsButton.m */,
			);
			name = BROptionsButton;
			sourceTree = "<group>";
		};
		46BB01841B929B320026CB6E /* Contact */ = {
			isa = PBXGroup;
			children = (
				469540081B99399600E0F4D0 /* Model */,
				46BB01851B929B440026CB6E /* Controller */,
				46BB01861B929B510026CB6E /* View */,
			);
			name = Contact;
			sourceTree = "<group>";
		};
		46BB01851B929B440026CB6E /* Controller */ = {
			isa = PBXGroup;
			children = (
				46BB01891B929D2E0026CB6E /* ContactNavigationController.swift */,
				46A568981B96969500FC63F7 /* ContactViewController.swift */,
				46A5689C1B96A10F00FC63F7 /* GroupViewHelper.swift */,
				46A5689E1B96BADB00FC63F7 /* TableViewHelper.swift */,
				46A568A51B96DD8900FC63F7 /* AddContactTableViewController.swift */,
				469540041B980A6C00E0F4D0 /* VendorContactViewController.swift */,
				469540061B982DC200E0F4D0 /* ContactSearchResultsTableViewController.swift */,
			);
			name = Controller;
			sourceTree = "<group>";
		};
		46BB01861B929B510026CB6E /* View */ = {
			isa = PBXGroup;
			children = (
				46BB01871B929B9A0026CB6E /* Contact.storyboard */,
				46A5689A1B969DEC00FC63F7 /* GroupView.xib */,
			);
			name = View;
			sourceTree = "<group>";
		};
		46BB018B1B929FC00026CB6E /* History */ = {
			isa = PBXGroup;
			children = (
				46BB018C1B929FD90026CB6E /* Controller */,
				46BB018D1B929FEA0026CB6E /* View */,
			);
			name = History;
			sourceTree = "<group>";
		};
		46BB018C1B929FD90026CB6E /* Controller */ = {
			isa = PBXGroup;
			children = (
				46BB01901B92A09E0026CB6E /* HistoryNavigationController.swift */,
			);
			name = Controller;
			sourceTree = "<group>";
		};
		46BB018D1B929FEA0026CB6E /* View */ = {
			isa = PBXGroup;
			children = (
				46BB018E1B92A04D0026CB6E /* History.storyboard */,
			);
			name = View;
			sourceTree = "<group>";
		};
		46BB01921B92A2180026CB6E /* Me */ = {
			isa = PBXGroup;
			children = (
				46BB01931B92A2240026CB6E /* Controller */,
				46BB01941B92A2300026CB6E /* View */,
			);
			name = Me;
			sourceTree = "<group>";
		};
		46BB01931B92A2240026CB6E /* Controller */ = {
			isa = PBXGroup;
			children = (
				46BB01971B92A2930026CB6E /* MeNavigationController.swift */,
			);
			name = Controller;
			sourceTree = "<group>";
		};
		46BB01941B92A2300026CB6E /* View */ = {
			isa = PBXGroup;
			children = (
				46BB01951B92A2500026CB6E /* Me.storyboard */,
			);
			name = View;
			sourceTree = "<group>";
		};
		9EBB59CC81AD2F52571769D8 /* Frameworks */ = {
			isa = PBXGroup;
			children = (
				462680D21BA4F50600656F81 /* libstdc++.dylib */,
				462680D01BA4F4F300656F81 /* libiconv.dylib */,
				46BB01A91B939C170026CB6E /* CoreLocation.framework */,
				46BB01A71B939C080026CB6E /* MapKit.framework */,
				4651AABB1B884099005C2B67 /* libsqlite3.0.dylib */,
				4651AAB91B88408F005C2B67 /* libz.dylib */,
				4651AAB71B88407F005C2B67 /* SystemConfiguration.framework */,
				46A79CF11B88399700B60B43 /* libc++.dylib */,
				4651AAB11B883F1F005C2B67 /* CoreGraphics.framework */,
				4651AAAF1B883F12005C2B67 /* Foundation.framework */,
				4651AAAD1B883F02005C2B67 /* UIKit.framework */,
				460909611B903CCC006FF85D /* CoreText.framework */,
				4609095F1B903CBC006FF85D /* CoreTelephony.framework */,
				4609095D1B903CB2006FF85D /* Security.framework */,
				4609095B1B903C91006FF85D /* ImageIO.framework */,
				460909591B903C82006FF85D /* QuartzCore.framework */,
				B6B7EB05FDC0CC77A857B349 /* Pods.framework */,
			);
			name = Frameworks;
			sourceTree = "<group>";
		};
/* End PBXGroup section */

/* Begin PBXNativeTarget section */
		46A79CAD1B8823AB00B60B43 /* pigeon */ = {
			isa = PBXNativeTarget;
			buildConfigurationList = 46A79CCF1B8823AB00B60B43 /* Build configuration list for PBXNativeTarget "pigeon" */;
			buildPhases = (
				51ACF94008E43903D7FEDA1E /* Check Pods Manifest.lock */,
				46A79CAA1B8823AB00B60B43 /* Sources */,
				46A79CAB1B8823AB00B60B43 /* Frameworks */,
				46A79CAC1B8823AB00B60B43 /* Resources */,
				6E09EA64FD58FCC37FC89DA4 /* Embed Pods Frameworks */,
				78928F1C6968CA088450C4E2 /* Copy Pods Resources */,
			);
			buildRules = (
			);
			dependencies = (
			);
			name = pigeon;
			productName = pigeon;
			productReference = 46A79CAE1B8823AB00B60B43 /* pigeon.app */;
			productType = "com.apple.product-type.application";
		};
		46A79CC41B8823AB00B60B43 /* pigeonTests */ = {
			isa = PBXNativeTarget;
			buildConfigurationList = 46A79CD21B8823AB00B60B43 /* Build configuration list for PBXNativeTarget "pigeonTests" */;
			buildPhases = (
				46A79CC11B8823AB00B60B43 /* Sources */,
				46A79CC21B8823AB00B60B43 /* Frameworks */,
				46A79CC31B8823AB00B60B43 /* Resources */,
			);
			buildRules = (
			);
			dependencies = (
				46A79CC71B8823AB00B60B43 /* PBXTargetDependency */,
			);
			name = pigeonTests;
			productName = pigeonTests;
			productReference = 46A79CC51B8823AB00B60B43 /* pigeonTests.xctest */;
			productType = "com.apple.product-type.bundle.unit-test";
		};
/* End PBXNativeTarget section */

/* Begin PBXProject section */
		46A79CA61B8823AB00B60B43 /* Project object */ = {
			isa = PBXProject;
			attributes = {
				LastUpgradeCheck = 0640;
				ORGANIZATIONNAME = naitianliu;
				TargetAttributes = {
					46A79CAD1B8823AB00B60B43 = {
						CreatedOnToolsVersion = 6.4;
					};
					46A79CC41B8823AB00B60B43 = {
						CreatedOnToolsVersion = 6.4;
						TestTargetID = 46A79CAD1B8823AB00B60B43;
					};
				};
			};
			buildConfigurationList = 46A79CA91B8823AB00B60B43 /* Build configuration list for PBXProject "pigeon" */;
			compatibilityVersion = "Xcode 3.2";
			developmentRegion = English;
			hasScannedForEncodings = 0;
			knownRegions = (
				en,
				Base,
			);
			mainGroup = 46A79CA51B8823AB00B60B43;
			productRefGroup = 46A79CAF1B8823AB00B60B43 /* Products */;
			projectDirPath = "";
			projectRoot = "";
			targets = (
				46A79CAD1B8823AB00B60B43 /* pigeon */,
				46A79CC41B8823AB00B60B43 /* pigeonTests */,
			);
		};
/* End PBXProject section */

/* Begin PBXResourcesBuildPhase section */
		46A79CAC1B8823AB00B60B43 /* Resources */ = {
			isa = PBXResourcesBuildPhase;
			buildActionMask = 2147483647;
			files = (
				4631638B1B902B9C00C6A30F /* Podfile in Resources */,
				46A79CE71B88297A00B60B43 /* Auth.storyboard in Resources */,
				46A5689B1B969DEC00FC63F7 /* GroupView.xib in Resources */,
				46BB01961B92A2500026CB6E /* Me.storyboard in Resources */,
				46A79CBB1B8823AB00B60B43 /* Main.storyboard in Resources */,
				46A79CC01B8823AB00B60B43 /* LaunchScreen.xib in Resources */,
				460909641B904E13006FF85D /* WeiboSDK.bundle in Resources */,
				4626807B1B9C1D1F00656F81 /* whiteplaceholder.png in Resources */,
				46BB01881B929B9A0026CB6E /* Contact.storyboard in Resources */,
				46A79CBD1B8823AB00B60B43 /* Images.xcassets in Resources */,
				46BB018F1B92A04D0026CB6E /* History.storyboard in Resources */,
				462680C51BA4F09A00656F81 /* Event.storyboard in Resources */,
			);
			runOnlyForDeploymentPostprocessing = 0;
		};
		46A79CC31B8823AB00B60B43 /* Resources */ = {
			isa = PBXResourcesBuildPhase;
			buildActionMask = 2147483647;
			files = (
			);
			runOnlyForDeploymentPostprocessing = 0;
		};
/* End PBXResourcesBuildPhase section */

/* Begin PBXShellScriptBuildPhase section */
		51ACF94008E43903D7FEDA1E /* Check Pods Manifest.lock */ = {
			isa = PBXShellScriptBuildPhase;
			buildActionMask = 2147483647;
			files = (
			);
			inputPaths = (
			);
			name = "Check Pods Manifest.lock";
			outputPaths = (
			);
			runOnlyForDeploymentPostprocessing = 0;
			shellPath = /bin/sh;
			shellScript = "diff \"${PODS_ROOT}/../Podfile.lock\" \"${PODS_ROOT}/Manifest.lock\" > /dev/null\nif [[ $? != 0 ]] ; then\n    cat << EOM\nerror: The sandbox is not in sync with the Podfile.lock. Run 'pod install' or update your CocoaPods installation.\nEOM\n    exit 1\nfi\n";
			showEnvVarsInLog = 0;
		};
		6E09EA64FD58FCC37FC89DA4 /* Embed Pods Frameworks */ = {
			isa = PBXShellScriptBuildPhase;
			buildActionMask = 2147483647;
			files = (
			);
			inputPaths = (
			);
			name = "Embed Pods Frameworks";
			outputPaths = (
			);
			runOnlyForDeploymentPostprocessing = 0;
			shellPath = /bin/sh;
			shellScript = "\"${SRCROOT}/Pods/Target Support Files/Pods/Pods-frameworks.sh\"\n";
			showEnvVarsInLog = 0;
		};
		78928F1C6968CA088450C4E2 /* Copy Pods Resources */ = {
			isa = PBXShellScriptBuildPhase;
			buildActionMask = 2147483647;
			files = (
			);
			inputPaths = (
			);
			name = "Copy Pods Resources";
			outputPaths = (
			);
			runOnlyForDeploymentPostprocessing = 0;
			shellPath = /bin/sh;
			shellScript = "\"${SRCROOT}/Pods/Target Support Files/Pods/Pods-resources.sh\"\n";
			showEnvVarsInLog = 0;
		};
/* End PBXShellScriptBuildPhase section */

/* Begin PBXSourcesBuildPhase section */
		46A79CAA1B8823AB00B60B43 /* Sources */ = {
			isa = PBXSourcesBuildPhase;
			buildActionMask = 2147483647;
			files = (
				460909681B92438A006FF85D /* BaseAPIHelper.swift in Sources */,
				46A5689D1B96A10F00FC63F7 /* GroupViewHelper.swift in Sources */,
				46A568991B96969500FC63F7 /* ContactViewController.swift in Sources */,
				46BB01911B92A09E0026CB6E /* HistoryNavigationController.swift in Sources */,
				46BB018A1B929D2E0026CB6E /* ContactNavigationController.swift in Sources */,
				46BB01981B92A2930026CB6E /* MeNavigationController.swift in Sources */,
				46BB01A61B9397D30026CB6E /* EditLocationViewController.swift in Sources */,
				469540071B982DC200E0F4D0 /* ContactSearchResultsTableViewController.swift in Sources */,
				4695400F1B994A0100E0F4D0 /* RenderEventCellHelper.swift in Sources */,
				469540051B980A6C00E0F4D0 /* VendorContactViewController.swift in Sources */,
				4626808C1B9D03B200656F81 /* EventDetailViewHelper.swift in Sources */,
				4695400D1B993FDC00E0F4D0 /* MyEventsViewController.swift in Sources */,
				46A79CB41B8823AB00B60B43 /* AppDelegate.swift in Sources */,
				46A568A61B96DD8900FC63F7 /* AddContactTableViewController.swift in Sources */,
				46BB01A11B92D1D00026CB6E /* LocationTimeEditViewHelper.swift in Sources */,
				462680DB1BA7C60000656F81 /* CreatePostViewController.swift in Sources */,
				4626808E1B9D294A00656F81 /* EventPostCellHelper.swift in Sources */,
				462680CD1BA4F1BC00656F81 /* BROptionsButton.m in Sources */,
				462680791B9C1D1F00656F81 /* HZPhotoBrowser.m in Sources */,
				46BB01741B9276030026CB6E /* MainTabBarViewController.swift in Sources */,
				462680CC1BA4F1BC00656F81 /* BROptionItem.m in Sources */,
				46A79CE21B88283000B60B43 /* AuthLoginViewController.swift in Sources */,
				462680901B9D5CE800656F81 /* Constant.swift in Sources */,
				46BB01831B92929A0026CB6E /* EventNavigationController.swift in Sources */,
				462680781B9C1D1F00656F81 /* HZIndicatorView.m in Sources */,
				46A5689F1B96BADB00FC63F7 /* TableViewHelper.swift in Sources */,
				462680C31BA4F03C00656F81 /* PostDetailCellHelper.swift in Sources */,
				46BB01AC1B93FE500026CB6E /* AddMembersViewHelper.swift in Sources */,
				462680C71BA4F0C000656F81 /* SampleDataEvent.swift in Sources */,
				462680C11BA4F02F00656F81 /* PostDetailViewController.swift in Sources */,
				4609096B1B92584B006FF85D /* VendorLoginAPICall.swift in Sources */,
				4626808A1B9CEAD200656F81 /* EventInfoViewHelper.swift in Sources */,
				4626807A1B9C1D1F00656F81 /* HZPhotoBrowserView.m in Sources */,
				462680881B9CDFE400656F81 /* EventDetailViewController.swift in Sources */,
				462680DD1BA7C85500656F81 /* CreatePostViewHelper.swift in Sources */,
				46BB019C1B92BD340026CB6E /* CreateTaskViewController.swift in Sources */,
			);
			runOnlyForDeploymentPostprocessing = 0;
		};
		46A79CC11B8823AB00B60B43 /* Sources */ = {
			isa = PBXSourcesBuildPhase;
			buildActionMask = 2147483647;
			files = (
				46A79CCC1B8823AB00B60B43 /* pigeonTests.swift in Sources */,
			);
			runOnlyForDeploymentPostprocessing = 0;
		};
/* End PBXSourcesBuildPhase section */

/* Begin PBXTargetDependency section */
		46A79CC71B8823AB00B60B43 /* PBXTargetDependency */ = {
			isa = PBXTargetDependency;
			target = 46A79CAD1B8823AB00B60B43 /* pigeon */;
			targetProxy = 46A79CC61B8823AB00B60B43 /* PBXContainerItemProxy */;
		};
/* End PBXTargetDependency section */

/* Begin PBXVariantGroup section */
		46A79CB91B8823AB00B60B43 /* Main.storyboard */ = {
			isa = PBXVariantGroup;
			children = (
				46A79CBA1B8823AB00B60B43 /* Base */,
			);
			name = Main.storyboard;
			sourceTree = "<group>";
		};
		46A79CBE1B8823AB00B60B43 /* LaunchScreen.xib */ = {
			isa = PBXVariantGroup;
			children = (
				46A79CBF1B8823AB00B60B43 /* Base */,
			);
			name = LaunchScreen.xib;
			sourceTree = "<group>";
		};
/* End PBXVariantGroup section */

/* Begin XCBuildConfiguration section */
		46A79CCD1B8823AB00B60B43 /* Debug */ = {
			isa = XCBuildConfiguration;
			buildSettings = {
				ALWAYS_SEARCH_USER_PATHS = NO;
				CLANG_CXX_LANGUAGE_STANDARD = "gnu++0x";
				CLANG_CXX_LIBRARY = "libc++";
				CLANG_ENABLE_MODULES = YES;
				CLANG_ENABLE_OBJC_ARC = YES;
				CLANG_WARN_BOOL_CONVERSION = YES;
				CLANG_WARN_CONSTANT_CONVERSION = YES;
				CLANG_WARN_DIRECT_OBJC_ISA_USAGE = YES_ERROR;
				CLANG_WARN_EMPTY_BODY = YES;
				CLANG_WARN_ENUM_CONVERSION = YES;
				CLANG_WARN_INT_CONVERSION = YES;
				CLANG_WARN_OBJC_ROOT_CLASS = YES_ERROR;
				CLANG_WARN_UNREACHABLE_CODE = YES;
				CLANG_WARN__DUPLICATE_METHOD_MATCH = YES;
				"CODE_SIGN_IDENTITY[sdk=iphoneos*]" = "iPhone Developer";
				COPY_PHASE_STRIP = NO;
				DEBUG_INFORMATION_FORMAT = "dwarf-with-dsym";
				ENABLE_STRICT_OBJC_MSGSEND = YES;
				GCC_C_LANGUAGE_STANDARD = gnu99;
				GCC_DYNAMIC_NO_PIC = NO;
				GCC_NO_COMMON_BLOCKS = YES;
				GCC_OPTIMIZATION_LEVEL = 0;
				GCC_PREPROCESSOR_DEFINITIONS = (
					"DEBUG=1",
					"$(inherited)",
				);
				GCC_SYMBOLS_PRIVATE_EXTERN = NO;
				GCC_WARN_64_TO_32_BIT_CONVERSION = YES;
				GCC_WARN_ABOUT_RETURN_TYPE = YES_ERROR;
				GCC_WARN_UNDECLARED_SELECTOR = YES;
				GCC_WARN_UNINITIALIZED_AUTOS = YES_AGGRESSIVE;
				GCC_WARN_UNUSED_FUNCTION = YES;
				GCC_WARN_UNUSED_VARIABLE = YES;
				IPHONEOS_DEPLOYMENT_TARGET = 8.4;
				MTL_ENABLE_DEBUG_INFO = YES;
				ONLY_ACTIVE_ARCH = YES;
				SDKROOT = iphoneos;
				SWIFT_OPTIMIZATION_LEVEL = "-Onone";
			};
			name = Debug;
		};
		46A79CCE1B8823AB00B60B43 /* Release */ = {
			isa = XCBuildConfiguration;
			buildSettings = {
				ALWAYS_SEARCH_USER_PATHS = NO;
				CLANG_CXX_LANGUAGE_STANDARD = "gnu++0x";
				CLANG_CXX_LIBRARY = "libc++";
				CLANG_ENABLE_MODULES = YES;
				CLANG_ENABLE_OBJC_ARC = YES;
				CLANG_WARN_BOOL_CONVERSION = YES;
				CLANG_WARN_CONSTANT_CONVERSION = YES;
				CLANG_WARN_DIRECT_OBJC_ISA_USAGE = YES_ERROR;
				CLANG_WARN_EMPTY_BODY = YES;
				CLANG_WARN_ENUM_CONVERSION = YES;
				CLANG_WARN_INT_CONVERSION = YES;
				CLANG_WARN_OBJC_ROOT_CLASS = YES_ERROR;
				CLANG_WARN_UNREACHABLE_CODE = YES;
				CLANG_WARN__DUPLICATE_METHOD_MATCH = YES;
				"CODE_SIGN_IDENTITY[sdk=iphoneos*]" = "iPhone Developer";
				COPY_PHASE_STRIP = NO;
				DEBUG_INFORMATION_FORMAT = "dwarf-with-dsym";
				ENABLE_NS_ASSERTIONS = NO;
				ENABLE_STRICT_OBJC_MSGSEND = YES;
				GCC_C_LANGUAGE_STANDARD = gnu99;
				GCC_NO_COMMON_BLOCKS = YES;
				GCC_WARN_64_TO_32_BIT_CONVERSION = YES;
				GCC_WARN_ABOUT_RETURN_TYPE = YES_ERROR;
				GCC_WARN_UNDECLARED_SELECTOR = YES;
				GCC_WARN_UNINITIALIZED_AUTOS = YES_AGGRESSIVE;
				GCC_WARN_UNUSED_FUNCTION = YES;
				GCC_WARN_UNUSED_VARIABLE = YES;
				IPHONEOS_DEPLOYMENT_TARGET = 8.4;
				MTL_ENABLE_DEBUG_INFO = NO;
				SDKROOT = iphoneos;
				VALIDATE_PRODUCT = YES;
			};
			name = Release;
		};
		46A79CD01B8823AB00B60B43 /* Debug */ = {
			isa = XCBuildConfiguration;
			baseConfigurationReference = F30ACB44CA899943E7CCAAC9 /* Pods.debug.xcconfig */;
			buildSettings = {
				ASSETCATALOG_COMPILER_APPICON_NAME = AppIcon;
				FRAMEWORK_SEARCH_PATHS = "";
				INFOPLIST_FILE = pigeon/Info.plist;
				IPHONEOS_DEPLOYMENT_TARGET = 8.0;
				LD_RUNPATH_SEARCH_PATHS = "$(inherited) @executable_path/Frameworks";
				LIBRARY_SEARCH_PATHS = (
					"$(inherited)",
					"$(PROJECT_DIR)/pigeon",
				);
				ONLY_ACTIVE_ARCH = YES;
				OTHER_LDFLAGS = (
					"$(inherited)",
					"-ObjC",
					"-l\"WeiboSDK\"",
					"-framework",
					"\"Alamofire\"",
				);
				PRODUCT_NAME = "$(TARGET_NAME)";
				SWIFT_OBJC_BRIDGING_HEADER = "pigeon/pigeon-Bridging-Header.h";
				TARGETED_DEVICE_FAMILY = 1;
				VALIDATE_PRODUCT = NO;
				VALID_ARCHS = "armv7 armv7s arm64";
			};
			name = Debug;
		};
		46A79CD11B8823AB00B60B43 /* Release */ = {
			isa = XCBuildConfiguration;
			baseConfigurationReference = C43AF1B09D0587414C965081 /* Pods.release.xcconfig */;
			buildSettings = {
				ASSETCATALOG_COMPILER_APPICON_NAME = AppIcon;
				FRAMEWORK_SEARCH_PATHS = "";
				INFOPLIST_FILE = pigeon/Info.plist;
				IPHONEOS_DEPLOYMENT_TARGET = 8.0;
				LD_RUNPATH_SEARCH_PATHS = "$(inherited) @executable_path/Frameworks";
				LIBRARY_SEARCH_PATHS = (
					"$(inherited)",
					"$(PROJECT_DIR)/pigeon",
				);
				OTHER_LDFLAGS = (
					"$(inherited)",
					"-ObjC",
					"-l\"WeiboSDK\"",
					"-framework",
					"\"Alamofire\"",
				);
				PRODUCT_NAME = "$(TARGET_NAME)";
				SWIFT_OBJC_BRIDGING_HEADER = "pigeon/pigeon-Bridging-Header.h";
				TARGETED_DEVICE_FAMILY = 1;
				VALID_ARCHS = "armv7 armv7s arm64";
			};
			name = Release;
		};
		46A79CD31B8823AB00B60B43 /* Debug */ = {
			isa = XCBuildConfiguration;
			buildSettings = {
				BUNDLE_LOADER = "$(TEST_HOST)";
				FRAMEWORK_SEARCH_PATHS = (
					"$(SDKROOT)/Developer/Library/Frameworks",
					"$(inherited)",
				);
				GCC_PREPROCESSOR_DEFINITIONS = (
					"DEBUG=1",
					"$(inherited)",
				);
				INFOPLIST_FILE = pigeonTests/Info.plist;
				LD_RUNPATH_SEARCH_PATHS = "$(inherited) @executable_path/Frameworks @loader_path/Frameworks";
				PRODUCT_NAME = "$(TARGET_NAME)";
				TEST_HOST = "$(BUILT_PRODUCTS_DIR)/pigeon.app/pigeon";
			};
			name = Debug;
		};
		46A79CD41B8823AB00B60B43 /* Release */ = {
			isa = XCBuildConfiguration;
			buildSettings = {
				BUNDLE_LOADER = "$(TEST_HOST)";
				FRAMEWORK_SEARCH_PATHS = (
					"$(SDKROOT)/Developer/Library/Frameworks",
					"$(inherited)",
				);
				INFOPLIST_FILE = pigeonTests/Info.plist;
				LD_RUNPATH_SEARCH_PATHS = "$(inherited) @executable_path/Frameworks @loader_path/Frameworks";
				PRODUCT_NAME = "$(TARGET_NAME)";
				TEST_HOST = "$(BUILT_PRODUCTS_DIR)/pigeon.app/pigeon";
			};
			name = Release;
		};
/* End XCBuildConfiguration section */

/* Begin XCConfigurationList section */
		46A79CA91B8823AB00B60B43 /* Build configuration list for PBXProject "pigeon" */ = {
			isa = XCConfigurationList;
			buildConfigurations = (
				46A79CCD1B8823AB00B60B43 /* Debug */,
				46A79CCE1B8823AB00B60B43 /* Release */,
			);
			defaultConfigurationIsVisible = 0;
			defaultConfigurationName = Release;
		};
		46A79CCF1B8823AB00B60B43 /* Build configuration list for PBXNativeTarget "pigeon" */ = {
			isa = XCConfigurationList;
			buildConfigurations = (
				46A79CD01B8823AB00B60B43 /* Debug */,
				46A79CD11B8823AB00B60B43 /* Release */,
			);
			defaultConfigurationIsVisible = 0;
			defaultConfigurationName = Release;
		};
		46A79CD21B8823AB00B60B43 /* Build configuration list for PBXNativeTarget "pigeonTests" */ = {
			isa = XCConfigurationList;
			buildConfigurations = (
				46A79CD31B8823AB00B60B43 /* Debug */,
				46A79CD41B8823AB00B60B43 /* Release */,
			);
			defaultConfigurationIsVisible = 0;
			defaultConfigurationName = Release;
		};
/* End XCConfigurationList section */
	};
	rootObject = 46A79CA61B8823AB00B60B43 /* Project object */;
}
