// !$*UTF8*$!
{
	archiveVersion = 1;
	classes = {
	};
	objectVersion = 46;
	objects = {

/* Begin PBXBuildFile section */
		4609095A1B903C82006FF85D /* QuartzCore.framework in Frameworks */ = {isa = PBXBuildFile; fileRef = 460909591B903C82006FF85D /* QuartzCore.framework */; };
		4609095C1B903C91006FF85D /* ImageIO.framework in Frameworks */ = {isa = PBXBuildFile; fileRef = 4609095B1B903C91006FF85D /* ImageIO.framework */; };
		4609095E1B903CB2006FF85D /* Security.framework in Frameworks */ = {isa = PBXBuildFile; fileRef = 4609095D1B903CB2006FF85D /* Security.framework */; };
		460909601B903CBC006FF85D /* CoreTelephony.framework in Frameworks */ = {isa = PBXBuildFile; fileRef = 4609095F1B903CBC006FF85D /* CoreTelephony.framework */; };
		460909621B903CCC006FF85D /* CoreText.framework in Frameworks */ = {isa = PBXBuildFile; fileRef = 460909611B903CCC006FF85D /* CoreText.framework */; };
		460909641B904E13006FF85D /* WeiboSDK.bundle in Resources */ = {isa = PBXBuildFile; fileRef = 460909631B904E13006FF85D /* WeiboSDK.bundle */; };
		4631638B1B902B9C00C6A30F /* Podfile in Resources */ = {isa = PBXBuildFile; fileRef = 4631638A1B902B9C00C6A30F /* Podfile */; };
		4651AAAE1B883F02005C2B67 /* UIKit.framework in Frameworks */ = {isa = PBXBuildFile; fileRef = 4651AAAD1B883F02005C2B67 /* UIKit.framework */; };
		4651AAB01B883F12005C2B67 /* Foundation.framework in Frameworks */ = {isa = PBXBuildFile; fileRef = 4651AAAF1B883F12005C2B67 /* Foundation.framework */; };
		4651AAB21B883F1F005C2B67 /* CoreGraphics.framework in Frameworks */ = {isa = PBXBuildFile; fileRef = 4651AAB11B883F1F005C2B67 /* CoreGraphics.framework */; };
		4651AAB61B883FAD005C2B67 /* libWeChatSDK.a in Frameworks */ = {isa = PBXBuildFile; fileRef = 4651AAB31B883FAD005C2B67 /* libWeChatSDK.a */; };
		4651AAB81B88407F005C2B67 /* SystemConfiguration.framework in Frameworks */ = {isa = PBXBuildFile; fileRef = 4651AAB71B88407F005C2B67 /* SystemConfiguration.framework */; };
		4651AABA1B88408F005C2B67 /* libz.dylib in Frameworks */ = {isa = PBXBuildFile; fileRef = 4651AAB91B88408F005C2B67 /* libz.dylib */; };
		4651AABC1B884099005C2B67 /* libsqlite3.0.dylib in Frameworks */ = {isa = PBXBuildFile; fileRef = 4651AABB1B884099005C2B67 /* libsqlite3.0.dylib */; };
		46A79CB41B8823AB00B60B43 /* AppDelegate.swift in Sources */ = {isa = PBXBuildFile; fileRef = 46A79CB31B8823AB00B60B43 /* AppDelegate.swift */; };
		46A79CB61B8823AB00B60B43 /* FirstViewController.swift in Sources */ = {isa = PBXBuildFile; fileRef = 46A79CB51B8823AB00B60B43 /* FirstViewController.swift */; };
		46A79CB81B8823AB00B60B43 /* SecondViewController.swift in Sources */ = {isa = PBXBuildFile; fileRef = 46A79CB71B8823AB00B60B43 /* SecondViewController.swift */; };
		46A79CBB1B8823AB00B60B43 /* Main.storyboard in Resources */ = {isa = PBXBuildFile; fileRef = 46A79CB91B8823AB00B60B43 /* Main.storyboard */; };
		46A79CBD1B8823AB00B60B43 /* Images.xcassets in Resources */ = {isa = PBXBuildFile; fileRef = 46A79CBC1B8823AB00B60B43 /* Images.xcassets */; };
		46A79CC01B8823AB00B60B43 /* LaunchScreen.xib in Resources */ = {isa = PBXBuildFile; fileRef = 46A79CBE1B8823AB00B60B43 /* LaunchScreen.xib */; };
		46A79CCC1B8823AB00B60B43 /* pigeonTests.swift in Sources */ = {isa = PBXBuildFile; fileRef = 46A79CCB1B8823AB00B60B43 /* pigeonTests.swift */; };
		46A79CE21B88283000B60B43 /* AuthLoginViewController.swift in Sources */ = {isa = PBXBuildFile; fileRef = 46A79CE01B88283000B60B43 /* AuthLoginViewController.swift */; };
		46A79CE71B88297A00B60B43 /* Auth.storyboard in Resources */ = {isa = PBXBuildFile; fileRef = 46A79CE61B88297A00B60B43 /* Auth.storyboard */; };
		46A79CF21B88399700B60B43 /* libc++.dylib in Frameworks */ = {isa = PBXBuildFile; fileRef = 46A79CF11B88399700B60B43 /* libc++.dylib */; };
		EC03105B27AE9B30D09FAEFF /* Pods.framework in Frameworks */ = {isa = PBXBuildFile; fileRef = B6B7EB05FDC0CC77A857B349 /* Pods.framework */; settings = {ATTRIBUTES = (Weak, ); }; };
/* End PBXBuildFile section */

/* Begin PBXContainerItemProxy section */
		46A79CC61B8823AB00B60B43 /* PBXContainerItemProxy */ = {
			isa = PBXContainerItemProxy;
			containerPortal = 46A79CA61B8823AB00B60B43 /* Project object */;
			proxyType = 1;
			remoteGlobalIDString = 46A79CAD1B8823AB00B60B43;
			remoteInfo = pigeon;
		};
/* End PBXContainerItemProxy section */

/* Begin PBXFileReference section */
		460909591B903C82006FF85D /* QuartzCore.framework */ = {isa = PBXFileReference; lastKnownFileType = wrapper.framework; name = QuartzCore.framework; path = System/Library/Frameworks/QuartzCore.framework; sourceTree = SDKROOT; };
		4609095B1B903C91006FF85D /* ImageIO.framework */ = {isa = PBXFileReference; lastKnownFileType = wrapper.framework; name = ImageIO.framework; path = System/Library/Frameworks/ImageIO.framework; sourceTree = SDKROOT; };
		4609095D1B903CB2006FF85D /* Security.framework */ = {isa = PBXFileReference; lastKnownFileType = wrapper.framework; name = Security.framework; path = System/Library/Frameworks/Security.framework; sourceTree = SDKROOT; };
		4609095F1B903CBC006FF85D /* CoreTelephony.framework */ = {isa = PBXFileReference; lastKnownFileType = wrapper.framework; name = CoreTelephony.framework; path = System/Library/Frameworks/CoreTelephony.framework; sourceTree = SDKROOT; };
		460909611B903CCC006FF85D /* CoreText.framework */ = {isa = PBXFileReference; lastKnownFileType = wrapper.framework; name = CoreText.framework; path = System/Library/Frameworks/CoreText.framework; sourceTree = SDKROOT; };
		460909631B904E13006FF85D /* WeiboSDK.bundle */ = {isa = PBXFileReference; lastKnownFileType = "wrapper.plug-in"; name = WeiboSDK.bundle; path = Pods/WeiboSDK/libWeiboSDK/WeiboSDK.bundle; sourceTree = "<group>"; };
		4631638A1B902B9C00C6A30F /* Podfile */ = {isa = PBXFileReference; fileEncoding = 4; lastKnownFileType = text; path = Podfile; sourceTree = "<group>"; xcLanguageSpecificationIdentifier = xcode.lang.ruby; };
		4651AAAD1B883F02005C2B67 /* UIKit.framework */ = {isa = PBXFileReference; lastKnownFileType = wrapper.framework; name = UIKit.framework; path = System/Library/Frameworks/UIKit.framework; sourceTree = SDKROOT; };
		4651AAAF1B883F12005C2B67 /* Foundation.framework */ = {isa = PBXFileReference; lastKnownFileType = wrapper.framework; name = Foundation.framework; path = System/Library/Frameworks/Foundation.framework; sourceTree = SDKROOT; };
		4651AAB11B883F1F005C2B67 /* CoreGraphics.framework */ = {isa = PBXFileReference; lastKnownFileType = wrapper.framework; name = CoreGraphics.framework; path = System/Library/Frameworks/CoreGraphics.framework; sourceTree = SDKROOT; };
		4651AAB31B883FAD005C2B67 /* libWeChatSDK.a */ = {isa = PBXFileReference; lastKnownFileType = archive.ar; path = libWeChatSDK.a; sourceTree = "<group>"; };
		4651AAB41B883FAD005C2B67 /* WXApi.h */ = {isa = PBXFileReference; fileEncoding = 4; lastKnownFileType = sourcecode.c.h; path = WXApi.h; sourceTree = "<group>"; };
		4651AAB51B883FAD005C2B67 /* WXApiObject.h */ = {isa = PBXFileReference; fileEncoding = 4; lastKnownFileType = sourcecode.c.h; path = WXApiObject.h; sourceTree = "<group>"; };
		4651AAB71B88407F005C2B67 /* SystemConfiguration.framework */ = {isa = PBXFileReference; lastKnownFileType = wrapper.framework; name = SystemConfiguration.framework; path = System/Library/Frameworks/SystemConfiguration.framework; sourceTree = SDKROOT; };
		4651AAB91B88408F005C2B67 /* libz.dylib */ = {isa = PBXFileReference; lastKnownFileType = "compiled.mach-o.dylib"; name = libz.dylib; path = usr/lib/libz.dylib; sourceTree = SDKROOT; };
		4651AABB1B884099005C2B67 /* libsqlite3.0.dylib */ = {isa = PBXFileReference; lastKnownFileType = "compiled.mach-o.dylib"; name = libsqlite3.0.dylib; path = usr/lib/libsqlite3.0.dylib; sourceTree = SDKROOT; };
		46A79CAE1B8823AB00B60B43 /* pigeon.app */ = {isa = PBXFileReference; explicitFileType = wrapper.application; includeInIndex = 0; path = pigeon.app; sourceTree = BUILT_PRODUCTS_DIR; };
		46A79CB21B8823AB00B60B43 /* Info.plist */ = {isa = PBXFileReference; lastKnownFileType = text.plist.xml; path = Info.plist; sourceTree = "<group>"; };
		46A79CB31B8823AB00B60B43 /* AppDelegate.swift */ = {isa = PBXFileReference; lastKnownFileType = sourcecode.swift; name = AppDelegate.swift; path = pigeon/AppDelegate.swift; sourceTree = "<group>"; };
		46A79CB51B8823AB00B60B43 /* FirstViewController.swift */ = {isa = PBXFileReference; lastKnownFileType = sourcecode.swift; path = FirstViewController.swift; sourceTree = "<group>"; };
		46A79CB71B8823AB00B60B43 /* SecondViewController.swift */ = {isa = PBXFileReference; lastKnownFileType = sourcecode.swift; path = SecondViewController.swift; sourceTree = "<group>"; };
		46A79CBA1B8823AB00B60B43 /* Base */ = {isa = PBXFileReference; lastKnownFileType = file.storyboard; name = Base; path = Base.lproj/Main.storyboard; sourceTree = "<group>"; };
		46A79CBC1B8823AB00B60B43 /* Images.xcassets */ = {isa = PBXFileReference; lastKnownFileType = folder.assetcatalog; path = Images.xcassets; sourceTree = "<group>"; };
		46A79CBF1B8823AB00B60B43 /* Base */ = {isa = PBXFileReference; lastKnownFileType = file.xib; name = Base; path = Base.lproj/LaunchScreen.xib; sourceTree = "<group>"; };
		46A79CC51B8823AB00B60B43 /* pigeonTests.xctest */ = {isa = PBXFileReference; explicitFileType = wrapper.cfbundle; includeInIndex = 0; path = pigeonTests.xctest; sourceTree = BUILT_PRODUCTS_DIR; };
		46A79CCA1B8823AB00B60B43 /* Info.plist */ = {isa = PBXFileReference; lastKnownFileType = text.plist.xml; path = Info.plist; sourceTree = "<group>"; };
		46A79CCB1B8823AB00B60B43 /* pigeonTests.swift */ = {isa = PBXFileReference; lastKnownFileType = sourcecode.swift; path = pigeonTests.swift; sourceTree = "<group>"; };
		46A79CE01B88283000B60B43 /* AuthLoginViewController.swift */ = {isa = PBXFileReference; fileEncoding = 4; lastKnownFileType = sourcecode.swift; path = AuthLoginViewController.swift; sourceTree = "<group>"; };
		46A79CE61B88297A00B60B43 /* Auth.storyboard */ = {isa = PBXFileReference; fileEncoding = 4; lastKnownFileType = file.storyboard; path = Auth.storyboard; sourceTree = "<group>"; };
		46A79CE81B88308000B60B43 /* pigeon-Bridging-Header.h */ = {isa = PBXFileReference; lastKnownFileType = sourcecode.c.h; path = "pigeon-Bridging-Header.h"; sourceTree = "<group>"; };
		46A79CF11B88399700B60B43 /* libc++.dylib */ = {isa = PBXFileReference; lastKnownFileType = "compiled.mach-o.dylib"; name = "libc++.dylib"; path = "usr/lib/libc++.dylib"; sourceTree = SDKROOT; };
		B6B7EB05FDC0CC77A857B349 /* Pods.framework */ = {isa = PBXFileReference; explicitFileType = wrapper.framework; includeInIndex = 0; path = Pods.framework; sourceTree = BUILT_PRODUCTS_DIR; };
		C43AF1B09D0587414C965081 /* Pods.release.xcconfig */ = {isa = PBXFileReference; includeInIndex = 1; lastKnownFileType = text.xcconfig; name = Pods.release.xcconfig; path = "Pods/Target Support Files/Pods/Pods.release.xcconfig"; sourceTree = "<group>"; };
		F30ACB44CA899943E7CCAAC9 /* Pods.debug.xcconfig */ = {isa = PBXFileReference; includeInIndex = 1; lastKnownFileType = text.xcconfig; name = Pods.debug.xcconfig; path = "Pods/Target Support Files/Pods/Pods.debug.xcconfig"; sourceTree = "<group>"; };
/* End PBXFileReference section */

/* Begin PBXFrameworksBuildPhase section */
		46A79CAB1B8823AB00B60B43 /* Frameworks */ = {
			isa = PBXFrameworksBuildPhase;
			buildActionMask = 2147483647;
			files = (
				4651AABA1B88408F005C2B67 /* libz.dylib in Frameworks */,
				4651AAAE1B883F02005C2B67 /* UIKit.framework in Frameworks */,
				460909621B903CCC006FF85D /* CoreText.framework in Frameworks */,
				460909601B903CBC006FF85D /* CoreTelephony.framework in Frameworks */,
				4609095E1B903CB2006FF85D /* Security.framework in Frameworks */,
				4651AAB81B88407F005C2B67 /* SystemConfiguration.framework in Frameworks */,
				4609095C1B903C91006FF85D /* ImageIO.framework in Frameworks */,
				4609095A1B903C82006FF85D /* QuartzCore.framework in Frameworks */,
				4651AABC1B884099005C2B67 /* libsqlite3.0.dylib in Frameworks */,
				4651AAB21B883F1F005C2B67 /* CoreGraphics.framework in Frameworks */,
				4651AAB01B883F12005C2B67 /* Foundation.framework in Frameworks */,
				46A79CF21B88399700B60B43 /* libc++.dylib in Frameworks */,
				4651AAB61B883FAD005C2B67 /* libWeChatSDK.a in Frameworks */,
				EC03105B27AE9B30D09FAEFF /* Pods.framework in Frameworks */,
			);
			runOnlyForDeploymentPostprocessing = 0;
		};
		46A79CC21B8823AB00B60B43 /* Frameworks */ = {
			isa = PBXFrameworksBuildPhase;
			buildActionMask = 2147483647;
			files = (
			);
			runOnlyForDeploymentPostprocessing = 0;
		};
/* End PBXFrameworksBuildPhase section */

/* Begin PBXGroup section */
		09D3832932BFD6B955F5FDED /* Pods */ = {
			isa = PBXGroup;
			children = (
				F30ACB44CA899943E7CCAAC9 /* Pods.debug.xcconfig */,
				C43AF1B09D0587414C965081 /* Pods.release.xcconfig */,
			);
			name = Pods;
			sourceTree = "<group>";
		};
		46A79CA51B8823AB00B60B43 = {
			isa = PBXGroup;
			children = (
				460909631B904E13006FF85D /* WeiboSDK.bundle */,
				46A79CB31B8823AB00B60B43 /* AppDelegate.swift */,
				46A79CB91B8823AB00B60B43 /* Main.storyboard */,
				46A79CB01B8823AB00B60B43 /* pigeon */,
				46A79CC81B8823AB00B60B43 /* pigeonTests */,
				46A79CAF1B8823AB00B60B43 /* Products */,
				4631638A1B902B9C00C6A30F /* Podfile */,
				09D3832932BFD6B955F5FDED /* Pods */,
				9EBB59CC81AD2F52571769D8 /* Frameworks */,
			);
			sourceTree = "<group>";
		};
		46A79CAF1B8823AB00B60B43 /* Products */ = {
			isa = PBXGroup;
			children = (
				46A79CAE1B8823AB00B60B43 /* pigeon.app */,
				46A79CC51B8823AB00B60B43 /* pigeonTests.xctest */,
			);
			name = Products;
			sourceTree = "<group>";
		};
		46A79CB01B8823AB00B60B43 /* pigeon */ = {
			isa = PBXGroup;
			children = (
				46A79CE41B8828AD00B60B43 /* Vendor */,
				46A79CD51B88248100B60B43 /* Auth */,
				46A79CB51B8823AB00B60B43 /* FirstViewController.swift */,
				46A79CB71B8823AB00B60B43 /* SecondViewController.swift */,
				46A79CBC1B8823AB00B60B43 /* Images.xcassets */,
				46A79CBE1B8823AB00B60B43 /* LaunchScreen.xib */,
				46A79CB11B8823AB00B60B43 /* Supporting Files */,
			);
			path = pigeon;
			sourceTree = "<group>";
		};
		46A79CB11B8823AB00B60B43 /* Supporting Files */ = {
			isa = PBXGroup;
			children = (
				46A79CB21B8823AB00B60B43 /* Info.plist */,
				46A79CE81B88308000B60B43 /* pigeon-Bridging-Header.h */,
			);
			name = "Supporting Files";
			sourceTree = "<group>";
		};
		46A79CC81B8823AB00B60B43 /* pigeonTests */ = {
			isa = PBXGroup;
			children = (
				46A79CCB1B8823AB00B60B43 /* pigeonTests.swift */,
				46A79CC91B8823AB00B60B43 /* Supporting Files */,
			);
			path = pigeonTests;
			sourceTree = "<group>";
		};
		46A79CC91B8823AB00B60B43 /* Supporting Files */ = {
			isa = PBXGroup;
			children = (
				46A79CCA1B8823AB00B60B43 /* Info.plist */,
			);
			name = "Supporting Files";
			sourceTree = "<group>";
		};
		46A79CD51B88248100B60B43 /* Auth */ = {
			isa = PBXGroup;
			children = (
				46A79CD91B8826A100B60B43 /* Other */,
				46A79CD81B88268D00B60B43 /* Controller */,
				46A79CD71B88266800B60B43 /* Model */,
				46A79CD61B88264400B60B43 /* View */,
			);
			name = Auth;
			sourceTree = "<group>";
		};
		46A79CD61B88264400B60B43 /* View */ = {
			isa = PBXGroup;
			children = (
				46A79CE61B88297A00B60B43 /* Auth.storyboard */,
			);
			name = View;
			sourceTree = "<group>";
		};
		46A79CD71B88266800B60B43 /* Model */ = {
			isa = PBXGroup;
			children = (
			);
			name = Model;
			sourceTree = "<group>";
		};
		46A79CD81B88268D00B60B43 /* Controller */ = {
			isa = PBXGroup;
			children = (
				46A79CE01B88283000B60B43 /* AuthLoginViewController.swift */,
			);
			name = Controller;
			sourceTree = "<group>";
		};
		46A79CD91B8826A100B60B43 /* Other */ = {
			isa = PBXGroup;
			children = (
			);
			name = Other;
			sourceTree = "<group>";
		};
		46A79CE41B8828AD00B60B43 /* Vendor */ = {
			isa = PBXGroup;
			children = (
				46A79CE51B8828C500B60B43 /* WX */,
			);
			name = Vendor;
			sourceTree = "<group>";
		};
		46A79CE51B8828C500B60B43 /* WX */ = {
			isa = PBXGroup;
			children = (
				4651AAB31B883FAD005C2B67 /* libWeChatSDK.a */,
				4651AAB41B883FAD005C2B67 /* WXApi.h */,
				4651AAB51B883FAD005C2B67 /* WXApiObject.h */,
			);
			name = WX;
			sourceTree = "<group>";
		};
		9EBB59CC81AD2F52571769D8 /* Frameworks */ = {
			isa = PBXGroup;
			children = (
				4651AABB1B884099005C2B67 /* libsqlite3.0.dylib */,
				4651AAB91B88408F005C2B67 /* libz.dylib */,
				4651AAB71B88407F005C2B67 /* SystemConfiguration.framework */,
				46A79CF11B88399700B60B43 /* libc++.dylib */,
				4651AAB11B883F1F005C2B67 /* CoreGraphics.framework */,
				4651AAAF1B883F12005C2B67 /* Foundation.framework */,
				4651AAAD1B883F02005C2B67 /* UIKit.framework */,
				460909611B903CCC006FF85D /* CoreText.framework */,
				4609095F1B903CBC006FF85D /* CoreTelephony.framework */,
				4609095D1B903CB2006FF85D /* Security.framework */,
				4609095B1B903C91006FF85D /* ImageIO.framework */,
				460909591B903C82006FF85D /* QuartzCore.framework */,
				B6B7EB05FDC0CC77A857B349 /* Pods.framework */,
			);
			name = Frameworks;
			sourceTree = "<group>";
		};
/* End PBXGroup section */

/* Begin PBXNativeTarget section */
		46A79CAD1B8823AB00B60B43 /* pigeon */ = {
			isa = PBXNativeTarget;
			buildConfigurationList = 46A79CCF1B8823AB00B60B43 /* Build configuration list for PBXNativeTarget "pigeon" */;
			buildPhases = (
				51ACF94008E43903D7FEDA1E /* Check Pods Manifest.lock */,
				46A79CAA1B8823AB00B60B43 /* Sources */,
				46A79CAB1B8823AB00B60B43 /* Frameworks */,
				46A79CAC1B8823AB00B60B43 /* Resources */,
				6E09EA64FD58FCC37FC89DA4 /* Embed Pods Frameworks */,
				78928F1C6968CA088450C4E2 /* Copy Pods Resources */,
			);
			buildRules = (
			);
			dependencies = (
			);
			name = pigeon;
			productName = pigeon;
			productReference = 46A79CAE1B8823AB00B60B43 /* pigeon.app */;
			productType = "com.apple.product-type.application";
		};
		46A79CC41B8823AB00B60B43 /* pigeonTests */ = {
			isa = PBXNativeTarget;
			buildConfigurationList = 46A79CD21B8823AB00B60B43 /* Build configuration list for PBXNativeTarget "pigeonTests" */;
			buildPhases = (
				46A79CC11B8823AB00B60B43 /* Sources */,
				46A79CC21B8823AB00B60B43 /* Frameworks */,
				46A79CC31B8823AB00B60B43 /* Resources */,
			);
			buildRules = (
			);
			dependencies = (
				46A79CC71B8823AB00B60B43 /* PBXTargetDependency */,
			);
			name = pigeonTests;
			productName = pigeonTests;
			productReference = 46A79CC51B8823AB00B60B43 /* pigeonTests.xctest */;
			productType = "com.apple.product-type.bundle.unit-test";
		};
/* End PBXNativeTarget section */

/* Begin PBXProject section */
		46A79CA61B8823AB00B60B43 /* Project object */ = {
			isa = PBXProject;
			attributes = {
				LastUpgradeCheck = 0640;
				ORGANIZATIONNAME = naitianliu;
				TargetAttributes = {
					46A79CAD1B8823AB00B60B43 = {
						CreatedOnToolsVersion = 6.4;
					};
					46A79CC41B8823AB00B60B43 = {
						CreatedOnToolsVersion = 6.4;
						TestTargetID = 46A79CAD1B8823AB00B60B43;
					};
				};
			};
			buildConfigurationList = 46A79CA91B8823AB00B60B43 /* Build configuration list for PBXProject "pigeon" */;
			compatibilityVersion = "Xcode 3.2";
			developmentRegion = English;
			hasScannedForEncodings = 0;
			knownRegions = (
				en,
				Base,
			);
			mainGroup = 46A79CA51B8823AB00B60B43;
			productRefGroup = 46A79CAF1B8823AB00B60B43 /* Products */;
			projectDirPath = "";
			projectRoot = "";
			targets = (
				46A79CAD1B8823AB00B60B43 /* pigeon */,
				46A79CC41B8823AB00B60B43 /* pigeonTests */,
			);
		};
/* End PBXProject section */

/* Begin PBXResourcesBuildPhase section */
		46A79CAC1B8823AB00B60B43 /* Resources */ = {
			isa = PBXResourcesBuildPhase;
			buildActionMask = 2147483647;
			files = (
				4631638B1B902B9C00C6A30F /* Podfile in Resources */,
				46A79CE71B88297A00B60B43 /* Auth.storyboard in Resources */,
				46A79CBB1B8823AB00B60B43 /* Main.storyboard in Resources */,
				46A79CC01B8823AB00B60B43 /* LaunchScreen.xib in Resources */,
				460909641B904E13006FF85D /* WeiboSDK.bundle in Resources */,
				46A79CBD1B8823AB00B60B43 /* Images.xcassets in Resources */,
			);
			runOnlyForDeploymentPostprocessing = 0;
		};
		46A79CC31B8823AB00B60B43 /* Resources */ = {
			isa = PBXResourcesBuildPhase;
			buildActionMask = 2147483647;
			files = (
			);
			runOnlyForDeploymentPostprocessing = 0;
		};
/* End PBXResourcesBuildPhase section */

/* Begin PBXShellScriptBuildPhase section */
		51ACF94008E43903D7FEDA1E /* Check Pods Manifest.lock */ = {
			isa = PBXShellScriptBuildPhase;
			buildActionMask = 2147483647;
			files = (
			);
			inputPaths = (
			);
			name = "Check Pods Manifest.lock";
			outputPaths = (
			);
			runOnlyForDeploymentPostprocessing = 0;
			shellPath = /bin/sh;
			shellScript = "diff \"${PODS_ROOT}/../Podfile.lock\" \"${PODS_ROOT}/Manifest.lock\" > /dev/null\nif [[ $? != 0 ]] ; then\n    cat << EOM\nerror: The sandbox is not in sync with the Podfile.lock. Run 'pod install' or update your CocoaPods installation.\nEOM\n    exit 1\nfi\n";
			showEnvVarsInLog = 0;
		};
		6E09EA64FD58FCC37FC89DA4 /* Embed Pods Frameworks */ = {
			isa = PBXShellScriptBuildPhase;
			buildActionMask = 2147483647;
			files = (
			);
			inputPaths = (
			);
			name = "Embed Pods Frameworks";
			outputPaths = (
			);
			runOnlyForDeploymentPostprocessing = 0;
			shellPath = /bin/sh;
			shellScript = "\"${SRCROOT}/Pods/Target Support Files/Pods/Pods-frameworks.sh\"\n";
			showEnvVarsInLog = 0;
		};
		78928F1C6968CA088450C4E2 /* Copy Pods Resources */ = {
			isa = PBXShellScriptBuildPhase;
			buildActionMask = 2147483647;
			files = (
			);
			inputPaths = (
			);
			name = "Copy Pods Resources";
			outputPaths = (
			);
			runOnlyForDeploymentPostprocessing = 0;
			shellPath = /bin/sh;
			shellScript = "\"${SRCROOT}/Pods/Target Support Files/Pods/Pods-resources.sh\"\n";
			showEnvVarsInLog = 0;
		};
/* End PBXShellScriptBuildPhase section */

/* Begin PBXSourcesBuildPhase section */
		46A79CAA1B8823AB00B60B43 /* Sources */ = {
			isa = PBXSourcesBuildPhase;
			buildActionMask = 2147483647;
			files = (
				46A79CB81B8823AB00B60B43 /* SecondViewController.swift in Sources */,
				46A79CB41B8823AB00B60B43 /* AppDelegate.swift in Sources */,
				46A79CE21B88283000B60B43 /* AuthLoginViewController.swift in Sources */,
				46A79CB61B8823AB00B60B43 /* FirstViewController.swift in Sources */,
			);
			runOnlyForDeploymentPostprocessing = 0;
		};
		46A79CC11B8823AB00B60B43 /* Sources */ = {
			isa = PBXSourcesBuildPhase;
			buildActionMask = 2147483647;
			files = (
				46A79CCC1B8823AB00B60B43 /* pigeonTests.swift in Sources */,
			);
			runOnlyForDeploymentPostprocessing = 0;
		};
/* End PBXSourcesBuildPhase section */

/* Begin PBXTargetDependency section */
		46A79CC71B8823AB00B60B43 /* PBXTargetDependency */ = {
			isa = PBXTargetDependency;
			target = 46A79CAD1B8823AB00B60B43 /* pigeon */;
			targetProxy = 46A79CC61B8823AB00B60B43 /* PBXContainerItemProxy */;
		};
/* End PBXTargetDependency section */

/* Begin PBXVariantGroup section */
		46A79CB91B8823AB00B60B43 /* Main.storyboard */ = {
			isa = PBXVariantGroup;
			children = (
				46A79CBA1B8823AB00B60B43 /* Base */,
			);
			name = Main.storyboard;
			path = pigeon;
			sourceTree = "<group>";
		};
		46A79CBE1B8823AB00B60B43 /* LaunchScreen.xib */ = {
			isa = PBXVariantGroup;
			children = (
				46A79CBF1B8823AB00B60B43 /* Base */,
			);
			name = LaunchScreen.xib;
			sourceTree = "<group>";
		};
/* End PBXVariantGroup section */

/* Begin XCBuildConfiguration section */
		46A79CCD1B8823AB00B60B43 /* Debug */ = {
			isa = XCBuildConfiguration;
			buildSettings = {
				ALWAYS_SEARCH_USER_PATHS = NO;
				CLANG_CXX_LANGUAGE_STANDARD = "gnu++0x";
				CLANG_CXX_LIBRARY = "libc++";
				CLANG_ENABLE_MODULES = YES;
				CLANG_ENABLE_OBJC_ARC = YES;
				CLANG_WARN_BOOL_CONVERSION = YES;
				CLANG_WARN_CONSTANT_CONVERSION = YES;
				CLANG_WARN_DIRECT_OBJC_ISA_USAGE = YES_ERROR;
				CLANG_WARN_EMPTY_BODY = YES;
				CLANG_WARN_ENUM_CONVERSION = YES;
				CLANG_WARN_INT_CONVERSION = YES;
				CLANG_WARN_OBJC_ROOT_CLASS = YES_ERROR;
				CLANG_WARN_UNREACHABLE_CODE = YES;
				CLANG_WARN__DUPLICATE_METHOD_MATCH = YES;
				"CODE_SIGN_IDENTITY[sdk=iphoneos*]" = "iPhone Developer";
				COPY_PHASE_STRIP = NO;
				DEBUG_INFORMATION_FORMAT = "dwarf-with-dsym";
				ENABLE_STRICT_OBJC_MSGSEND = YES;
				GCC_C_LANGUAGE_STANDARD = gnu99;
				GCC_DYNAMIC_NO_PIC = NO;
				GCC_NO_COMMON_BLOCKS = YES;
				GCC_OPTIMIZATION_LEVEL = 0;
				GCC_PREPROCESSOR_DEFINITIONS = (
					"DEBUG=1",
					"$(inherited)",
				);
				GCC_SYMBOLS_PRIVATE_EXTERN = NO;
				GCC_WARN_64_TO_32_BIT_CONVERSION = YES;
				GCC_WARN_ABOUT_RETURN_TYPE = YES_ERROR;
				GCC_WARN_UNDECLARED_SELECTOR = YES;
				GCC_WARN_UNINITIALIZED_AUTOS = YES_AGGRESSIVE;
				GCC_WARN_UNUSED_FUNCTION = YES;
				GCC_WARN_UNUSED_VARIABLE = YES;
				IPHONEOS_DEPLOYMENT_TARGET = 8.4;
				MTL_ENABLE_DEBUG_INFO = YES;
				ONLY_ACTIVE_ARCH = YES;
				SDKROOT = iphoneos;
				SWIFT_OPTIMIZATION_LEVEL = "-Onone";
			};
			name = Debug;
		};
		46A79CCE1B8823AB00B60B43 /* Release */ = {
			isa = XCBuildConfiguration;
			buildSettings = {
				ALWAYS_SEARCH_USER_PATHS = NO;
				CLANG_CXX_LANGUAGE_STANDARD = "gnu++0x";
				CLANG_CXX_LIBRARY = "libc++";
				CLANG_ENABLE_MODULES = YES;
				CLANG_ENABLE_OBJC_ARC = YES;
				CLANG_WARN_BOOL_CONVERSION = YES;
				CLANG_WARN_CONSTANT_CONVERSION = YES;
				CLANG_WARN_DIRECT_OBJC_ISA_USAGE = YES_ERROR;
				CLANG_WARN_EMPTY_BODY = YES;
				CLANG_WARN_ENUM_CONVERSION = YES;
				CLANG_WARN_INT_CONVERSION = YES;
				CLANG_WARN_OBJC_ROOT_CLASS = YES_ERROR;
				CLANG_WARN_UNREACHABLE_CODE = YES;
				CLANG_WARN__DUPLICATE_METHOD_MATCH = YES;
				"CODE_SIGN_IDENTITY[sdk=iphoneos*]" = "iPhone Developer";
				COPY_PHASE_STRIP = NO;
				DEBUG_INFORMATION_FORMAT = "dwarf-with-dsym";
				ENABLE_NS_ASSERTIONS = NO;
				ENABLE_STRICT_OBJC_MSGSEND = YES;
				GCC_C_LANGUAGE_STANDARD = gnu99;
				GCC_NO_COMMON_BLOCKS = YES;
				GCC_WARN_64_TO_32_BIT_CONVERSION = YES;
				GCC_WARN_ABOUT_RETURN_TYPE = YES_ERROR;
				GCC_WARN_UNDECLARED_SELECTOR = YES;
				GCC_WARN_UNINITIALIZED_AUTOS = YES_AGGRESSIVE;
				GCC_WARN_UNUSED_FUNCTION = YES;
				GCC_WARN_UNUSED_VARIABLE = YES;
				IPHONEOS_DEPLOYMENT_TARGET = 8.4;
				MTL_ENABLE_DEBUG_INFO = NO;
				SDKROOT = iphoneos;
				VALIDATE_PRODUCT = YES;
			};
			name = Release;
		};
		46A79CD01B8823AB00B60B43 /* Debug */ = {
			isa = XCBuildConfiguration;
			baseConfigurationReference = F30ACB44CA899943E7CCAAC9 /* Pods.debug.xcconfig */;
			buildSettings = {
				ASSETCATALOG_COMPILER_APPICON_NAME = AppIcon;
				FRAMEWORK_SEARCH_PATHS = "";
				INFOPLIST_FILE = pigeon/Info.plist;
				IPHONEOS_DEPLOYMENT_TARGET = 8.0;
				LD_RUNPATH_SEARCH_PATHS = "$(inherited) @executable_path/Frameworks";
				LIBRARY_SEARCH_PATHS = (
					"$(inherited)",
					"$(PROJECT_DIR)/pigeon",
				);
				ONLY_ACTIVE_ARCH = YES;
				OTHER_LDFLAGS = (
					"$(inherited)",
					"-ObjC",
					"-l\"WeiboSDK\"",
					"-framework",
					"\"Alamofire\"",
				);
				PRODUCT_NAME = "$(TARGET_NAME)";
				SWIFT_OBJC_BRIDGING_HEADER = "pigeon/pigeon-Bridging-Header.h";
				TARGETED_DEVICE_FAMILY = 1;
				VALIDATE_PRODUCT = NO;
				VALID_ARCHS = "armv7 armv7s arm64";
			};
			name = Debug;
		};
		46A79CD11B8823AB00B60B43 /* Release */ = {
			isa = XCBuildConfiguration;
			baseConfigurationReference = C43AF1B09D0587414C965081 /* Pods.release.xcconfig */;
			buildSettings = {
				ASSETCATALOG_COMPILER_APPICON_NAME = AppIcon;
				FRAMEWORK_SEARCH_PATHS = "";
				INFOPLIST_FILE = pigeon/Info.plist;
				IPHONEOS_DEPLOYMENT_TARGET = 8.0;
				LD_RUNPATH_SEARCH_PATHS = "$(inherited) @executable_path/Frameworks";
				LIBRARY_SEARCH_PATHS = (
					"$(inherited)",
					"$(PROJECT_DIR)/pigeon",
				);
				OTHER_LDFLAGS = (
					"$(inherited)",
					"-ObjC",
					"-l\"WeiboSDK\"",
					"-framework",
					"\"Alamofire\"",
				);
				PRODUCT_NAME = "$(TARGET_NAME)";
				SWIFT_OBJC_BRIDGING_HEADER = "pigeon/pigeon-Bridging-Header.h";
				TARGETED_DEVICE_FAMILY = 1;
				VALID_ARCHS = "armv7 armv7s arm64";
			};
			name = Release;
		};
		46A79CD31B8823AB00B60B43 /* Debug */ = {
			isa = XCBuildConfiguration;
			buildSettings = {
				BUNDLE_LOADER = "$(TEST_HOST)";
				FRAMEWORK_SEARCH_PATHS = (
					"$(SDKROOT)/Developer/Library/Frameworks",
					"$(inherited)",
				);
				GCC_PREPROCESSOR_DEFINITIONS = (
					"DEBUG=1",
					"$(inherited)",
				);
				INFOPLIST_FILE = pigeonTests/Info.plist;
				LD_RUNPATH_SEARCH_PATHS = "$(inherited) @executable_path/Frameworks @loader_path/Frameworks";
				PRODUCT_NAME = "$(TARGET_NAME)";
				TEST_HOST = "$(BUILT_PRODUCTS_DIR)/pigeon.app/pigeon";
			};
			name = Debug;
		};
		46A79CD41B8823AB00B60B43 /* Release */ = {
			isa = XCBuildConfiguration;
			buildSettings = {
				BUNDLE_LOADER = "$(TEST_HOST)";
				FRAMEWORK_SEARCH_PATHS = (
					"$(SDKROOT)/Developer/Library/Frameworks",
					"$(inherited)",
				);
				INFOPLIST_FILE = pigeonTests/Info.plist;
				LD_RUNPATH_SEARCH_PATHS = "$(inherited) @executable_path/Frameworks @loader_path/Frameworks";
				PRODUCT_NAME = "$(TARGET_NAME)";
				TEST_HOST = "$(BUILT_PRODUCTS_DIR)/pigeon.app/pigeon";
			};
			name = Release;
		};
/* End XCBuildConfiguration section */

/* Begin XCConfigurationList section */
		46A79CA91B8823AB00B60B43 /* Build configuration list for PBXProject "pigeon" */ = {
			isa = XCConfigurationList;
			buildConfigurations = (
				46A79CCD1B8823AB00B60B43 /* Debug */,
				46A79CCE1B8823AB00B60B43 /* Release */,
			);
			defaultConfigurationIsVisible = 0;
			defaultConfigurationName = Release;
		};
		46A79CCF1B8823AB00B60B43 /* Build configuration list for PBXNativeTarget "pigeon" */ = {
			isa = XCConfigurationList;
			buildConfigurations = (
				46A79CD01B8823AB00B60B43 /* Debug */,
				46A79CD11B8823AB00B60B43 /* Release */,
			);
			defaultConfigurationIsVisible = 0;
			defaultConfigurationName = Release;
		};
		46A79CD21B8823AB00B60B43 /* Build configuration list for PBXNativeTarget "pigeonTests" */ = {
			isa = XCConfigurationList;
			buildConfigurations = (
				46A79CD31B8823AB00B60B43 /* Debug */,
				46A79CD41B8823AB00B60B43 /* Release */,
			);
			defaultConfigurationIsVisible = 0;
			defaultConfigurationName = Release;
		};
/* End XCConfigurationList section */
	};
	rootObject = 46A79CA61B8823AB00B60B43 /* Project object */;
}
